<?xml version="1.0" encoding="utf-8"?>
<Project ToolsVersion="4.0" xmlns="http://schemas.microsoft.com/developer/msbuild/2003">
  <ItemGroup>
    <Filter Include="Sources">
      <UniqueIdentifier>{4FC737F1-C7A5-4376-A066-2A32D752A2FF}</UniqueIdentifier>
      <Extensions>cpp;c;cc;cxx;def;odl;idl;hpj;bat;asm;asmx</Extensions>
    </Filter>
    <Filter Include="Sources\gosfx">
      <UniqueIdentifier>{2a01a70f-bf86-4cce-b098-f822bef19b80}</UniqueIdentifier>
    </Filter>
    <Filter Include="Sources\gosfx\Effects">
      <UniqueIdentifier>{fd194c59-e133-479d-92ad-35e5ebee93ad}</UniqueIdentifier>
    </Filter>
    <Filter Include="Sources\gosfx\Cloud Effects">
      <UniqueIdentifier>{f7cf4aa2-a642-45f6-aaee-7c3750e6f9a0}</UniqueIdentifier>
    </Filter>
    <Filter Include="Sources\gosfx\Singletons">
      <UniqueIdentifier>{3bd881ca-076d-4626-ba05-68bc544cea0e}</UniqueIdentifier>
    </Filter>
    <Filter Include="Sources\gosfx\Geometry Extrusion">
      <UniqueIdentifier>{129cf04e-d92d-4ba9-af5f-f18224c73bf6}</UniqueIdentifier>
    </Filter>
    <Filter Include="Sources\gosfx\Lights">
      <UniqueIdentifier>{d9b14cf9-0dd3-4f44-88e7-ee48b9087d15}</UniqueIdentifier>
    </Filter>
    <Filter Include="Headers">
      <UniqueIdentifier>{93995380-89BD-4b04-88EB-625FBE52EBFB}</UniqueIdentifier>
      <Extensions>h;hh;hpp;hxx;hm;inl;inc;xsd</Extensions>
    </Filter>
    <Filter Include="Headers\gosfx">
      <UniqueIdentifier>{3a43b31b-1796-4825-8756-2bbeb3a5f7f0}</UniqueIdentifier>
    </Filter>
    <Filter Include="Headers\gosfx\Effects">
      <UniqueIdentifier>{b950af4f-94f4-40f1-8281-194955d7bc92}</UniqueIdentifier>
    </Filter>
    <Filter Include="Headers\gosfx\Cloud Effects">
      <UniqueIdentifier>{17a7c20a-9527-4dfa-b133-59dcfa0f6bd4}</UniqueIdentifier>
    </Filter>
    <Filter Include="Headers\gosfx\Singletons">
      <UniqueIdentifier>{3a8f5bc0-c4fe-4558-b031-9a485c8eeb5c}</UniqueIdentifier>
    </Filter>
    <Filter Include="Headers\gosfx\Geometry Extrusion">
      <UniqueIdentifier>{a01fefad-65f1-49d0-b156-4adbb802f406}</UniqueIdentifier>
    </Filter>
    <Filter Include="Headers\gosfx\Lights">
      <UniqueIdentifier>{8c786d24-5fc6-4bf7-8236-440ca07f01c9}</UniqueIdentifier>
    </Filter>
    <Filter Include="Headers\common">
      <UniqueIdentifier>{b4783112-b49c-4a5a-92c6-93a5488ed937}</UniqueIdentifier>
    </Filter>
    <Filter Include="Resources">
      <UniqueIdentifier>{67DA6AB6-F800-4c08-8B7A-83BB121AAD01}</UniqueIdentifier>
      <Extensions>rc;ico;cur;bmp;dlg;rc2;rct;bin;rgs;gif;jpg;jpeg;jpe;resx;tiff;tif;png;wav;mfcribbon-ms</Extensions>
    </Filter>
    <Filter Include="Resources\gosfx">
      <UniqueIdentifier>{15bfdc93-3d8e-4a50-ade5-a58c76fbe695}</UniqueIdentifier>
    </Filter>
    <Filter Include="build">
      <UniqueIdentifier>{c4aee26a-b483-4434-ab57-50929264bf3f}</UniqueIdentifier>
    </Filter>
    <Filter Include="build\WinDDK">
      <UniqueIdentifier>{de7db54f-7a0b-4605-b53a-da219a88c2b9}</UniqueIdentifier>
    </Filter>
    <Filter Include="build\precompiled">
      <UniqueIdentifier>{78a89861-9298-4035-9624-14c355093e5e}</UniqueIdentifier>
    </Filter>
    <Filter Include="build\DLL">
      <UniqueIdentifier>{e4a10b97-2d7d-4bc3-a9bd-d1b943ebb62f}</UniqueIdentifier>
    </Filter>
  </ItemGroup>
  <ItemGroup>
    <ClCompile Include="..\mclib\gosfx\gosfx.cpp">
      <Filter>Sources\gosfx</Filter>
    </ClCompile>
    <ClCompile Include="..\mclib\gosfx\effect.cpp">
      <Filter>Sources\gosfx\Effects</Filter>
    </ClCompile>
    <ClCompile Include="..\mclib\gosfx\effectlibrary.cpp">
      <Filter>Sources\gosfx\Effects</Filter>
    </ClCompile>
    <ClCompile Include="..\mclib\gosfx\fcurve.cpp">
      <Filter>Sources\gosfx\Effects</Filter>
    </ClCompile>
    <ClCompile Include="..\mclib\gosfx\cardcloud.cpp">
      <Filter>Sources\gosfx\Cloud Effects</Filter>
    </ClCompile>
    <ClCompile Include="..\mclib\gosfx\debriscloud.cpp">
      <Filter>Sources\gosfx\Cloud Effects</Filter>
    </ClCompile>
    <ClCompile Include="..\mclib\gosfx\effectcloud.cpp">
      <Filter>Sources\gosfx\Cloud Effects</Filter>
    </ClCompile>
    <ClCompile Include="..\mclib\gosfx\particlecloud.cpp">
      <Filter>Sources\gosfx\Cloud Effects</Filter>
    </ClCompile>
    <ClCompile Include="..\mclib\gosfx\pertcloud.cpp">
      <Filter>Sources\gosfx\Cloud Effects</Filter>
    </ClCompile>
    <ClCompile Include="..\mclib\gosfx\pointcloud.cpp">
      <Filter>Sources\gosfx\Cloud Effects</Filter>
    </ClCompile>
    <ClCompile Include="..\mclib\gosfx\shapecloud.cpp">
      <Filter>Sources\gosfx\Cloud Effects</Filter>
    </ClCompile>
    <ClCompile Include="..\mclib\gosfx\shardcloud.cpp">
      <Filter>Sources\gosfx\Cloud Effects</Filter>
    </ClCompile>
    <ClCompile Include="..\mclib\gosfx\spinningcloud.cpp">
      <Filter>Sources\gosfx\Cloud Effects</Filter>
    </ClCompile>
    <ClCompile Include="..\mclib\gosfx\card.cpp">
      <Filter>Sources\gosfx\Singletons</Filter>
    </ClCompile>
    <ClCompile Include="..\mclib\gosfx\shape.cpp">
      <Filter>Sources\gosfx\Singletons</Filter>
    </ClCompile>
    <ClCompile Include="..\mclib\gosfx\singleton.cpp">
      <Filter>Sources\gosfx\Singletons</Filter>
    </ClCompile>
    <ClCompile Include="..\mclib\gosfx\tube.cpp">
      <Filter>Sources\gosfx\Geometry Extrusion</Filter>
    </ClCompile>
    <ClCompile Include="..\mclib\gosfx\pointlight.cpp">
      <Filter>Sources\gosfx\Lights</Filter>
    </ClCompile>
    <ClCompile Include="..\mclib\gosfx\gosfxheaders.cpp">
      <Filter>build\precompiled</Filter>
    </ClCompile>
    <ClCompile Include="..\pch\stdinc.cpp">
      <Filter>build\precompiled</Filter>
    </ClCompile>
  </ItemGroup>
  <ItemGroup>
    <ClInclude Include="..\mclib\gosfx\gosfx.h">
      <Filter>Headers\gosfx</Filter>
    </ClInclude>
    <ClInclude Include="..\mclib\gosfx\effect.h">
      <Filter>Headers\gosfx\Effects</Filter>
    </ClInclude>
    <ClInclude Include="..\mclib\gosfx\effectlibrary.h">
      <Filter>Headers\gosfx\Effects</Filter>
    </ClInclude>
    <ClInclude Include="..\mclib\gosfx\fcurve.h">
      <Filter>Headers\gosfx\Effects</Filter>
    </ClInclude>
    <ClInclude Include="..\mclib\gosfx\cardcloud.h">
      <Filter>Headers\gosfx\Cloud Effects</Filter>
    </ClInclude>
    <ClInclude Include="..\mclib\gosfx\debriscloud.h">
      <Filter>Headers\gosfx\Cloud Effects</Filter>
    </ClInclude>
    <ClInclude Include="..\mclib\gosfx\effectcloud.h">
      <Filter>Headers\gosfx\Cloud Effects</Filter>
    </ClInclude>
    <ClInclude Include="..\mclib\gosfx\particlecloud.h">
      <Filter>Headers\gosfx\Cloud Effects</Filter>
    </ClInclude>
    <ClInclude Include="..\mclib\gosfx\pertcloud.h">
      <Filter>Headers\gosfx\Cloud Effects</Filter>
    </ClInclude>
    <ClInclude Include="..\mclib\gosfx\pointcloud.h">
      <Filter>Headers\gosfx\Cloud Effects</Filter>
    </ClInclude>
    <ClInclude Include="..\mclib\gosfx\shapecloud.h">
      <Filter>Headers\gosfx\Cloud Effects</Filter>
    </ClInclude>
    <ClInclude Include="..\mclib\gosfx\shardcloud.h">
      <Filter>Headers\gosfx\Cloud Effects</Filter>
    </ClInclude>
    <ClInclude Include="..\mclib\gosfx\spinningcloud.h">
      <Filter>Headers\gosfx\Cloud Effects</Filter>
    </ClInclude>
    <ClInclude Include="..\mclib\gosfx\card.h">
      <Filter>Headers\gosfx\Singletons</Filter>
    </ClInclude>
    <ClInclude Include="..\mclib\gosfx\shape.h">
      <Filter>Headers\gosfx\Singletons</Filter>
    </ClInclude>
    <ClInclude Include="..\mclib\gosfx\singleton.h">
      <Filter>Headers\gosfx\Singletons</Filter>
    </ClInclude>
    <ClInclude Include="..\mclib\gosfx\tube.h">
      <Filter>Headers\gosfx\Geometry Extrusion</Filter>
    </ClInclude>
    <ClInclude Include="..\mclib\gosfx\pointlight.h">
      <Filter>Headers\gosfx\Lights</Filter>
    </ClInclude>
    <ClInclude Include="..\include\dplay.h">
      <Filter>Headers\common</Filter>
    </ClInclude>
    <ClInclude Include="..\include\ijl.h">
      <Filter>Headers\common</Filter>
    </ClInclude>
    <ClInclude Include="..\include\mechclassids.h">
      <Filter>Headers\common</Filter>
    </ClInclude>
    <ClInclude Include="..\include\mechresources.h">
      <Filter>Headers\common</Filter>
    </ClInclude>
    <ClInclude Include="..\include\mechtypes.h">
      <Filter>Headers\common</Filter>
    </ClInclude>
    <ClInclude Include="..\mclib\gosfx\gosfxheaders.h">
      <Filter>build\precompiled</Filter>
    </ClInclude>
    <ClInclude Include="..\pch\stdinc.h">
      <Filter>build\precompiled</Filter>
    </ClInclude>
  </ItemGroup>
</Project>