<?xml version="1.0" encoding="utf-8"?>
<Project ToolsVersion="4.0" xmlns="http://schemas.microsoft.com/developer/msbuild/2003">
  <ItemGroup>
    <Filter Include="Sources">
      <UniqueIdentifier>{4FC737F1-C7A5-4376-A066-2A32D752A2FF}</UniqueIdentifier>
      <Extensions>cpp;c;cc;cxx;def;odl;idl;hpj;bat;asm;asmx</Extensions>
    </Filter>
    <Filter Include="Sources\mechgui">
      <UniqueIdentifier>{0923dc69-4090-46db-bf63-a952804cace4}</UniqueIdentifier>
    </Filter>
    <Filter Include="Headers">
      <UniqueIdentifier>{93995380-89BD-4b04-88EB-625FBE52EBFB}</UniqueIdentifier>
      <Extensions>h;hh;hpp;hxx;hm;inl;inc;xsd</Extensions>
    </Filter>
    <Filter Include="Headers\mechgui">
      <UniqueIdentifier>{08fa8f11-18d2-4b5c-8955-0c3c8d92eda9}</UniqueIdentifier>
    </Filter>
    <Filter Include="Headers\common">
      <UniqueIdentifier>{7b2ecd1a-0fa3-4186-88b4-95d760ed7354}</UniqueIdentifier>
    </Filter>
    <Filter Include="Resources">
      <UniqueIdentifier>{67DA6AB6-F800-4c08-8B7A-83BB121AAD01}</UniqueIdentifier>
      <Extensions>rc;ico;cur;bmp;dlg;rc2;rct;bin;rgs;gif;jpg;jpeg;jpe;resx;tiff;tif;png;wav;mfcribbon-ms</Extensions>
    </Filter>
    <Filter Include="Resources\mechgui">
      <UniqueIdentifier>{24b92c0e-571f-4383-899d-c76f3ff1e653}</UniqueIdentifier>
    </Filter>
    <Filter Include="build">
      <UniqueIdentifier>{097de572-e90f-4d5d-a0b1-d8f6f0a28f6d}</UniqueIdentifier>
    </Filter>
    <Filter Include="build\WinDDK">
      <UniqueIdentifier>{dc376baf-bb83-4972-9cb9-3e493d2da42f}</UniqueIdentifier>
    </Filter>
    <Filter Include="build\precompiled">
      <UniqueIdentifier>{4bf75a23-4c66-49e2-a9af-818f63b5a3a8}</UniqueIdentifier>
    </Filter>
    <Filter Include="build\DLL">
      <UniqueIdentifier>{c7e21b72-f25b-4048-bda3-feb2dc752c82}</UniqueIdentifier>
    </Filter>
  </ItemGroup>
  <ItemGroup>
    <ClCompile Include="..\mechcmd2\mechgui\aanim.cpp">
      <Filter>Sources\mechgui</Filter>
    </ClCompile>
    <ClCompile Include="..\mechcmd2\mechgui\aanimobject.cpp">
      <Filter>Sources\mechgui</Filter>
    </ClCompile>
    <ClCompile Include="..\mechcmd2\mechgui\abutton.cpp">
      <Filter>Sources\mechgui</Filter>
    </ClCompile>
    <ClCompile Include="..\mechcmd2\mechgui\aedit.cpp">
      <Filter>Sources\mechgui</Filter>
    </ClCompile>
    <ClCompile Include="..\mechcmd2\mechgui\afont.cpp">
      <Filter>Sources\mechgui</Filter>
    </ClCompile>
    <ClCompile Include="..\mechcmd2\mechgui\alistbox.cpp">
      <Filter>Sources\mechgui</Filter>
    </ClCompile>
    <ClCompile Include="..\mechcmd2\mechgui\ascroll.cpp">
      <Filter>Sources\mechgui</Filter>
    </ClCompile>
    <ClCompile Include="..\mechcmd2\mechgui\asystem.cpp">
      <Filter>Sources\mechgui</Filter>
    </ClCompile>
    <ClCompile Include="..\mechcmd2\mechgui\logisticsscreen.cpp">
      <Filter>Sources\mechgui</Filter>
    </ClCompile>
    <ClCompile Include="..\pch\stdinc.cpp">
      <Filter>build\precompiled</Filter>
    </ClCompile>
  </ItemGroup>
  <ItemGroup>
    <ClInclude Include="..\mechcmd2\mechgui\aanim.h">
      <Filter>Headers\mechgui</Filter>
    </ClInclude>
    <ClInclude Include="..\mechcmd2\mechgui\aanimobject.h">
      <Filter>Headers\mechgui</Filter>
    </ClInclude>
    <ClInclude Include="..\mechcmd2\mechgui\abutton.h">
      <Filter>Headers\mechgui</Filter>
    </ClInclude>
    <ClInclude Include="..\mechcmd2\mechgui\aedit.h">
      <Filter>Headers\mechgui</Filter>
    </ClInclude>
    <ClInclude Include="..\mechcmd2\mechgui\afont.h">
      <Filter>Headers\mechgui</Filter>
    </ClInclude>
    <ClInclude Include="..\mechcmd2\mechgui\alistbox.h">
      <Filter>Headers\mechgui</Filter>
    </ClInclude>
    <ClInclude Include="..\mechcmd2\mechgui\ascroll.h">
      <Filter>Headers\mechgui</Filter>
    </ClInclude>
    <ClInclude Include="..\mechcmd2\mechgui\asystem.h">
      <Filter>Headers\mechgui</Filter>
    </ClInclude>
    <ClInclude Include="..\mechcmd2\mechgui\logisticsscreen.h">
      <Filter>Headers\mechgui</Filter>
    </ClInclude>
    <ClInclude Include="..\include\mechresources.h">
      <Filter>Headers\common</Filter>
    </ClInclude>
    <ClInclude Include="..\include\mechtypes.h">
      <Filter>Headers\common</Filter>
    </ClInclude>
    <ClInclude Include="..\pch\stdinc.h">
      <Filter>build\precompiled</Filter>
    </ClInclude>
  </ItemGroup>
</Project>