<?xml version="1.0" encoding="utf-8"?>
<Project ToolsVersion="4.0" xmlns="http://schemas.microsoft.com/developer/msbuild/2003">
  <ItemGroup>
    <Filter Include="Sources">
      <UniqueIdentifier>{4FC737F1-C7A5-4376-A066-2A32D752A2FF}</UniqueIdentifier>
      <Extensions>cpp;c;cc;cxx;def;odl;idl;hpj;bat;asm;asmx</Extensions>
    </Filter>
    <Filter Include="Sources\mc2res">
      <UniqueIdentifier>{3cc5eb9a-49c0-4274-860b-ce95610e07be}</UniqueIdentifier>
    </Filter>
    <Filter Include="Headers">
      <UniqueIdentifier>{93995380-89BD-4b04-88EB-625FBE52EBFB}</UniqueIdentifier>
      <Extensions>h;hh;hpp;hxx;hm;inl;inc;xsd</Extensions>
    </Filter>
    <Filter Include="Headers\mc2res">
      <UniqueIdentifier>{e492efed-a338-4d0b-9818-c091145108fe}</UniqueIdentifier>
    </Filter>
    <Filter Include="Resources">
      <UniqueIdentifier>{67DA6AB6-F800-4c08-8B7A-83BB121AAD01}</UniqueIdentifier>
      <Extensions>rc;ico;cur;bmp;dlg;rc2;rct;bin;rgs;gif;jpg;jpeg;jpe;resx;tiff;tif;png;wav;mfcribbon-ms</Extensions>
    </Filter>
    <Filter Include="Resources\mc2res">
      <UniqueIdentifier>{b1a6e4ec-b826-40f8-bd54-a17542dd3c2c}</UniqueIdentifier>
    </Filter>
    <Filter Include="Resources\icons">
      <UniqueIdentifier>{edbf0d8a-f00e-4826-8b28-8927163ad29b}</UniqueIdentifier>
    </Filter>
    <Filter Include="Resources\animations">
      <UniqueIdentifier>{2533e666-8f51-48be-adac-6643a7aa3aa1}</UniqueIdentifier>
    </Filter>
    <Filter Include="Resources\language">
      <UniqueIdentifier>{2222a66c-db4a-4d92-a61e-39a00af96e54}</UniqueIdentifier>
    </Filter>
    <Filter Include="build">
      <UniqueIdentifier>{a13e2590-6446-46c2-810a-8ef90082a26c}</UniqueIdentifier>
    </Filter>
    <Filter Include="build\WinDDK">
      <UniqueIdentifier>{330beb03-ee64-4c68-9ef4-9d6771296282}</UniqueIdentifier>
    </Filter>
    <Filter Include="build\precompiled">
      <UniqueIdentifier>{6b598591-d1d9-4835-bed1-4a9300d4ab9f}</UniqueIdentifier>
    </Filter>
    <Filter Include="build\DLL">
      <UniqueIdentifier>{68ab71a1-3ade-4022-8816-6c49b2720011}</UniqueIdentifier>
    </Filter>
    <Filter Include="scripts">
      <UniqueIdentifier>{58c1f393-3294-48bb-a617-a9508ac37dd5}</UniqueIdentifier>
    </Filter>
    <Filter Include="scripts\mc2res">
      <UniqueIdentifier>{992163d1-4fe0-4438-9b15-627d82386d5c}</UniqueIdentifier>
    </Filter>
  </ItemGroup>
  <ItemGroup>
    <ClInclude Include="..\mc2res\mc2version.h">
      <Filter>Resources</Filter>
    </ClInclude>
    <ClInclude Include="..\mc2res\resource.h">
      <Filter>Resources\mc2res</Filter>
    </ClInclude>
  </ItemGroup>
  <ItemGroup>
    <None Include="..\mc2res\mechcommander2.ver">
      <Filter>Resources</Filter>
    </None>
    <None Include="..\mc2res\bmech.ani">
      <Filter>Resources\animations</Filter>
    </None>
  </ItemGroup>
  <ItemGroup>
    <Image Include="..\mc2res\mechcmd2.ico">
      <Filter>Resources\icons</Filter>
    </Image>
    <Image Include="..\mc2res\mechcommander2.ico">
      <Filter>Resources\icons</Filter>
    </Image>
  </ItemGroup>
  <ItemGroup>
    <ResourceCompile Include="..\mc2res\language.dll\language.rc">
      <Filter>Resources\language</Filter>
    </ResourceCompile>
  </ItemGroup>
</Project>