<?xml version="1.0" encoding="utf-8"?>
<Project ToolsVersion="4.0" xmlns="http://schemas.microsoft.com/developer/msbuild/2003">
  <ItemGroup>
    <Filter Include="Sources">
      <UniqueIdentifier>{4FC737F1-C7A5-4376-A066-2A32D752A2FF}</UniqueIdentifier>
      <Extensions>cpp;c;cc;cxx;def;odl;idl;hpj;bat;asm;asmx</Extensions>
    </Filter>
    <Filter Include="Sources\mclib">
      <UniqueIdentifier>{bc6661e6-64d9-4f4f-a721-9c4a1628e029}</UniqueIdentifier>
    </Filter>
    <Filter Include="Sources\mclib\lib">
      <UniqueIdentifier>{268379e6-485b-44ae-941f-5d5fc8a8a5e8}</UniqueIdentifier>
    </Filter>
    <Filter Include="Sources\mclib\appear">
      <UniqueIdentifier>{f3f8e170-d8e1-4a2a-9475-01eb8652dec4}</UniqueIdentifier>
    </Filter>
    <Filter Include="Sources\mclib\camera">
      <UniqueIdentifier>{3014e117-564f-42af-b7ee-f4966d1cc0e6}</UniqueIdentifier>
    </Filter>
    <Filter Include="Sources\mclib\element">
      <UniqueIdentifier>{ae8c4f95-eaeb-4e1d-b2d2-b514db6e8f5c}</UniqueIdentifier>
    </Filter>
    <Filter Include="Sources\mclib\file">
      <UniqueIdentifier>{f90a31de-6878-4c1a-aa96-64232cbee96e}</UniqueIdentifier>
    </Filter>
    <Filter Include="Sources\mclib\move">
      <UniqueIdentifier>{918f2d2f-ba38-4b00-b72d-79cd3ea47a2f}</UniqueIdentifier>
    </Filter>
    <Filter Include="Sources\mclib\sound">
      <UniqueIdentifier>{1f0031c9-b8b3-4c6a-9692-754a2f0cdc41}</UniqueIdentifier>
    </Filter>
    <Filter Include="Sources\mclib\vfx">
      <UniqueIdentifier>{e7214765-3825-4c54-88b0-cbc132c29a3c}</UniqueIdentifier>
    </Filter>
    <Filter Include="Sources\mclib\utilities">
      <UniqueIdentifier>{92a0d0b1-3cdd-48f3-b30e-affa42f2a97d}</UniqueIdentifier>
    </Filter>
    <Filter Include="Sources\mclib\terrain">
      <UniqueIdentifier>{41de1645-542f-4d4d-8835-ae75b87a5d36}</UniqueIdentifier>
    </Filter>
    <Filter Include="Sources\mclib\misc">
      <UniqueIdentifier>{c1835ff9-b5d4-41f7-81b8-ddb3760e7ce7}</UniqueIdentifier>
    </Filter>
    <Filter Include="Sources\extra">
      <UniqueIdentifier>{d896fc51-ff06-4bf6-9aae-3d2ecb668878}</UniqueIdentifier>
    </Filter>
    <Filter Include="Sources\test">
      <UniqueIdentifier>{3e8eed3f-c3f0-45b1-bef1-58d7464684f1}</UniqueIdentifier>
    </Filter>
    <Filter Include="Headers">
      <UniqueIdentifier>{93995380-89BD-4b04-88EB-625FBE52EBFB}</UniqueIdentifier>
      <Extensions>h;hh;hpp;hxx;hm;inl;inc;xsd</Extensions>
    </Filter>
    <Filter Include="Headers\mclib">
      <UniqueIdentifier>{64ef6930-8c1a-4e08-901e-a3ec8f6977cd}</UniqueIdentifier>
    </Filter>
    <Filter Include="Headers\mclib\move">
      <UniqueIdentifier>{abe29816-b2ba-43ae-b654-9238529c5780}</UniqueIdentifier>
    </Filter>
    <Filter Include="Headers\mclib\sound">
      <UniqueIdentifier>{28a0c668-a47f-48f7-b1e7-0c37309ae2b3}</UniqueIdentifier>
    </Filter>
    <Filter Include="Headers\mclib\lib">
      <UniqueIdentifier>{033499d7-df2a-4907-ab49-2f05249fa14b}</UniqueIdentifier>
    </Filter>
    <Filter Include="Headers\mclib\abl">
      <UniqueIdentifier>{0a5d03d7-840b-4934-b301-0e93255ad279}</UniqueIdentifier>
    </Filter>
    <Filter Include="Headers\mclib\appear">
      <UniqueIdentifier>{c555907e-24bd-4d4f-8daa-0bbe0c394ccd}</UniqueIdentifier>
    </Filter>
    <Filter Include="Headers\mclib\camera">
      <UniqueIdentifier>{7aa731d8-7e68-4e34-841c-50b40cffe95f}</UniqueIdentifier>
    </Filter>
    <Filter Include="Headers\mclib\element">
      <UniqueIdentifier>{931958fc-ee32-4900-b294-6f08d89a1aa4}</UniqueIdentifier>
    </Filter>
    <Filter Include="Headers\mclib\file">
      <UniqueIdentifier>{de8e2044-f39a-41f3-a65f-9b164a4544eb}</UniqueIdentifier>
    </Filter>
    <Filter Include="Headers\mclib\gui">
      <UniqueIdentifier>{08b0499f-1825-4085-9899-87f965f57e16}</UniqueIdentifier>
    </Filter>
    <Filter Include="Headers\mclib\terrain">
      <UniqueIdentifier>{6ab39dfa-26ad-4986-8c6c-2af5f31b8560}</UniqueIdentifier>
    </Filter>
    <Filter Include="Headers\mclib\utilities">
      <UniqueIdentifier>{51b8caf2-9e25-4a4d-b70a-53207cfa96cd}</UniqueIdentifier>
    </Filter>
    <Filter Include="Headers\common">
      <UniqueIdentifier>{12ee0676-8f77-41af-b326-b72a51e064a7}</UniqueIdentifier>
    </Filter>
    <Filter Include="Headers\Resources">
      <UniqueIdentifier>{67DA6AB6-F800-4c08-8B7A-83BB121AAD01}</UniqueIdentifier>
      <Extensions>rc;ico;cur;bmp;dlg;rc2;rct;bin;rgs;gif;jpg;jpeg;jpe;resx;tiff;tif;png;wav;mfcribbon-ms</Extensions>
    </Filter>
    <Filter Include="Headers\Resources\mclib">
      <UniqueIdentifier>{ece048fa-54c3-4c9e-92c4-d4ac8d7f8c98}</UniqueIdentifier>
    </Filter>
    <Filter Include="build">
      <UniqueIdentifier>{9960ea02-fd0f-4451-bc1f-fe5b9b8625e4}</UniqueIdentifier>
    </Filter>
    <Filter Include="build\WinDDK">
      <UniqueIdentifier>{8904a5c6-dc4c-41be-a083-5a9cdbc50e60}</UniqueIdentifier>
    </Filter>
    <Filter Include="build\precompiled">
      <UniqueIdentifier>{25533e71-5b58-46b1-b5b9-b7ebfddf879a}</UniqueIdentifier>
    </Filter>
    <Filter Include="build\DLL">
      <UniqueIdentifier>{852763fb-074b-4370-b89d-efe761d7c5e6}</UniqueIdentifier>
    </Filter>
    <Filter Include="build\config">
      <UniqueIdentifier>{26878137-848e-47ec-ba76-10589d9f2ef3}</UniqueIdentifier>
    </Filter>
  </ItemGroup>
  <ItemGroup>
    <ClCompile Include="..\mclib\includes_test.cpp">
      <Filter>Sources</Filter>
    </ClCompile>
    <ClCompile Include="..\mclib\alphapalette.cpp">
      <Filter>Sources\mclib\lib</Filter>
    </ClCompile>
    <ClCompile Include="..\mclib\bitflag.cpp">
      <Filter>Sources\mclib\lib</Filter>
    </ClCompile>
    <ClCompile Include="..\mclib\cident.cpp">
      <Filter>Sources\mclib\lib</Filter>
    </ClCompile>
    <ClCompile Include="..\mclib\cmponent.cpp">
      <Filter>Sources\mclib\lib</Filter>
    </ClCompile>
    <ClCompile Include="..\mclib\color.cpp">
      <Filter>Sources\mclib\lib</Filter>
    </ClCompile>
    <ClCompile Include="..\mclib\debugging.cpp">
      <Filter>Sources\mclib\lib</Filter>
    </ClCompile>
    <ClCompile Include="..\mclib\err.cpp">
      <Filter>Sources\mclib\lib</Filter>
    </ClCompile>
    <ClCompile Include="..\mclib\floathelp.cpp">
      <Filter>Sources\mclib\lib</Filter>
    </ClCompile>
    <ClCompile Include="..\mclib\heap.cpp">
      <Filter>Sources\mclib\lib</Filter>
    </ClCompile>
    <ClCompile Include="..\mclib\lzcomp.cpp">
      <Filter>Sources\mclib\lib</Filter>
    </ClCompile>
    <ClCompile Include="..\mclib\lzdecomp.cpp">
      <Filter>Sources\mclib\lib</Filter>
    </ClCompile>
    <ClCompile Include="..\mclib\mathfunc.cpp">
      <Filter>Sources\mclib\lib</Filter>
    </ClCompile>
    <ClCompile Include="..\mclib\mouse.cpp">
      <Filter>Sources\mclib\lib</Filter>
    </ClCompile>
    <ClCompile Include="..\mclib\msl.cpp">
      <Filter>Sources\mclib\lib</Filter>
    </ClCompile>
    <ClCompile Include="..\mclib\paths.cpp">
      <Filter>Sources\mclib\lib</Filter>
    </ClCompile>
    <ClCompile Include="..\mclib\pqueue.cpp">
      <Filter>Sources\mclib\lib</Filter>
    </ClCompile>
    <ClCompile Include="..\mclib\routines.cpp">
      <Filter>Sources\mclib\lib</Filter>
    </ClCompile>
    <ClCompile Include="..\mclib\scale.cpp">
      <Filter>Sources\mclib\lib</Filter>
    </ClCompile>
    <ClCompile Include="..\mclib\sortlist.cpp">
      <Filter>Sources\mclib\lib</Filter>
    </ClCompile>
    <ClCompile Include="..\mclib\tgainfo.cpp">
      <Filter>Sources\mclib\lib</Filter>
    </ClCompile>
    <ClCompile Include="..\mclib\tgl.cpp">
      <Filter>Sources\mclib\lib</Filter>
    </ClCompile>
    <ClCompile Include="..\mclib\tglpp.cpp">
      <Filter>Sources\mclib\lib</Filter>
    </ClCompile>
    <ClCompile Include="..\mclib\timing.cpp">
      <Filter>Sources\mclib\lib</Filter>
    </ClCompile>
    <ClCompile Include="..\mclib\txmmgr.cpp">
      <Filter>Sources\mclib\lib</Filter>
    </ClCompile>
    <ClCompile Include="..\mclib\userinput.cpp">
      <Filter>Sources\mclib\lib</Filter>
    </ClCompile>
    <ClCompile Include="..\mclib\vport.cpp">
      <Filter>Sources\mclib\lib</Filter>
    </ClCompile>
    <ClCompile Include="..\mclib\weaponfx.cpp">
      <Filter>Sources\mclib\lib</Filter>
    </ClCompile>
    <ClCompile Include="..\mclib\appear.cpp">
      <Filter>Sources\mclib\appear</Filter>
    </ClCompile>
    <ClCompile Include="..\mclib\apprtype.cpp">
      <Filter>Sources\mclib\appear</Filter>
    </ClCompile>
    <ClCompile Include="..\mclib\bdactor.cpp">
      <Filter>Sources\mclib\appear</Filter>
    </ClCompile>
    <ClCompile Include="..\mclib\genactor.cpp">
      <Filter>Sources\mclib\appear</Filter>
    </ClCompile>
    <ClCompile Include="..\mclib\gvactor.cpp">
      <Filter>Sources\mclib\appear</Filter>
    </ClCompile>
    <ClCompile Include="..\mclib\mech3d.cpp">
      <Filter>Sources\mclib\appear</Filter>
    </ClCompile>
    <ClCompile Include="..\mclib\camera.cpp">
      <Filter>Sources\mclib\camera</Filter>
    </ClCompile>
    <ClCompile Include="..\mclib\celement.cpp">
      <Filter>Sources\mclib\element</Filter>
    </ClCompile>
    <ClCompile Include="..\mclib\celine.cpp">
      <Filter>Sources\mclib\element</Filter>
    </ClCompile>
    <ClCompile Include="..\mclib\cellip.cpp">
      <Filter>Sources\mclib\element</Filter>
    </ClCompile>
    <ClCompile Include="..\mclib\cepane.cpp">
      <Filter>Sources\mclib\element</Filter>
    </ClCompile>
    <ClCompile Include="..\mclib\cevfx.cpp">
      <Filter>Sources\mclib\element</Filter>
    </ClCompile>
    <ClCompile Include="..\mclib\csvfile.cpp">
      <Filter>Sources\mclib\file</Filter>
    </ClCompile>
    <ClCompile Include="..\mclib\fastfile.cpp">
      <Filter>Sources\mclib\file</Filter>
    </ClCompile>
    <ClCompile Include="..\mclib\ffile.cpp">
      <Filter>Sources\mclib\file</Filter>
    </ClCompile>
    <ClCompile Include="..\mclib\file.cpp">
      <Filter>Sources\mclib\file</Filter>
    </ClCompile>
    <ClCompile Include="..\mclib\gamelog.cpp">
      <Filter>Sources\mclib\file</Filter>
    </ClCompile>
    <ClCompile Include="..\mclib\inifile.cpp">
      <Filter>Sources\mclib\file</Filter>
    </ClCompile>
    <ClCompile Include="..\mclib\packet.cpp">
      <Filter>Sources\mclib\file</Filter>
    </ClCompile>
    <ClCompile Include="..\mclib\move.cpp">
      <Filter>Sources\mclib\move</Filter>
    </ClCompile>
    <ClCompile Include="..\mclib\soundsys.cpp">
      <Filter>Sources\mclib\sound</Filter>
    </ClCompile>
    <ClCompile Include="..\mclib\vfx_ellipse.cpp">
      <Filter>Sources\mclib\vfx</Filter>
    </ClCompile>
    <ClCompile Include="..\mclib\vfx_map_polygon.cpp">
      <Filter>Sources\mclib\vfx</Filter>
    </ClCompile>
    <ClCompile Include="..\mclib\vfx_transform.cpp">
      <Filter>Sources\mclib\vfx</Filter>
    </ClCompile>
    <ClCompile Include="..\mclib\vfx_translatedraw.cpp">
      <Filter>Sources\mclib\vfx</Filter>
    </ClCompile>
    <ClCompile Include="..\mclib\vfxtile.cpp">
      <Filter>Sources\mclib\vfx</Filter>
    </ClCompile>
    <ClCompile Include="..\mclib\clouds.cpp">
      <Filter>Sources\mclib\terrain</Filter>
    </ClCompile>
    <ClCompile Include="..\mclib\crater.cpp">
      <Filter>Sources\mclib\terrain</Filter>
    </ClCompile>
    <ClCompile Include="..\mclib\mapdata.cpp">
      <Filter>Sources\mclib\terrain</Filter>
    </ClCompile>
    <ClCompile Include="..\mclib\quad.cpp">
      <Filter>Sources\mclib\terrain</Filter>
    </ClCompile>
    <ClCompile Include="..\mclib\terrain.cpp">
      <Filter>Sources\mclib\terrain</Filter>
    </ClCompile>
    <ClCompile Include="..\mclib\terrtxm.cpp">
      <Filter>Sources\mclib\terrain</Filter>
    </ClCompile>
    <ClCompile Include="..\mclib\terrtxm2.cpp">
      <Filter>Sources\mclib\terrain</Filter>
    </ClCompile>
    <ClCompile Include="..\mclib\txmconv.cpp">
      <Filter>Sources\mclib\terrain</Filter>
    </ClCompile>
    <ClCompile Include="..\mclib\tacmap.cpp">
      <Filter>Sources\mclib\misc</Filter>
    </ClCompile>
    <ClCompile Include="..\mclib\utilities.cpp">
      <Filter>Sources\mclib\misc</Filter>
    </ClCompile>
    <ClCompile Include="..\pch\stdinc.cpp">
      <Filter>build\precompiled</Filter>
    </ClCompile>
  </ItemGroup>
  <ItemGroup>
    <ClInclude Include="..\mclib\mclib.h">
      <Filter>Headers\mclib</Filter>
    </ClInclude>
    <ClInclude Include="..\mclib\msodw.h">
      <Filter>Headers\mclib</Filter>
    </ClInclude>
    <ClInclude Include="..\mclib\objectappearance.h">
      <Filter>Headers\mclib</Filter>
    </ClInclude>
    <ClInclude Include="..\mclib\tacmap.h">
      <Filter>Headers\mclib</Filter>
    </ClInclude>
    <ClInclude Include="..\mclib\utilities.h">
      <Filter>Headers\mclib</Filter>
    </ClInclude>
    <ClInclude Include="..\mclib\dmovemgr.h">
      <Filter>Headers\mclib\move</Filter>
    </ClInclude>
    <ClInclude Include="..\mclib\dobjblck.h">
      <Filter>Headers\mclib\move</Filter>
    </ClInclude>
    <ClInclude Include="..\mclib\dobjclass.h">
      <Filter>Headers\mclib\move</Filter>
    </ClInclude>
    <ClInclude Include="..\mclib\move.h">
      <Filter>Headers\mclib\move</Filter>
    </ClInclude>
    <ClInclude Include="..\mclib\sounds.h">
      <Filter>Headers\mclib\sound</Filter>
    </ClInclude>
    <ClInclude Include="..\mclib\soundsys.h">
      <Filter>Headers\mclib\sound</Filter>
    </ClInclude>
    <ClInclude Include="..\mclib\bitflag.h">
      <Filter>Headers\mclib\lib</Filter>
    </ClInclude>
    <ClInclude Include="..\mclib\cident.h">
      <Filter>Headers\mclib\lib</Filter>
    </ClInclude>
    <ClInclude Include="..\mclib\clip.h">
      <Filter>Headers\mclib\lib</Filter>
    </ClInclude>
    <ClInclude Include="..\mclib\cmponent.h">
      <Filter>Headers\mclib\lib</Filter>
    </ClInclude>
    <ClInclude Include="..\mclib\color.h">
      <Filter>Headers\mclib\lib</Filter>
    </ClInclude>
    <ClInclude Include="..\mclib\dbitflag.h">
      <Filter>Headers\mclib\lib</Filter>
    </ClInclude>
    <ClInclude Include="..\mclib\debugging.h">
      <Filter>Headers\mclib\lib</Filter>
    </ClInclude>
    <ClInclude Include="..\mclib\dheap.h">
      <Filter>Headers\mclib\lib</Filter>
    </ClInclude>
    <ClInclude Include="..\mclib\dident.h">
      <Filter>Headers\mclib\lib</Filter>
    </ClInclude>
    <ClInclude Include="..\mclib\dstd.h">
      <Filter>Headers\mclib\lib</Filter>
    </ClInclude>
    <ClInclude Include="..\mclib\err.h">
      <Filter>Headers\mclib\lib</Filter>
    </ClInclude>
    <ClInclude Include="..\mclib\floathelp.h">
      <Filter>Headers\mclib\lib</Filter>
    </ClInclude>
    <ClInclude Include="..\mclib\heap.h">
      <Filter>Headers\mclib\lib</Filter>
    </ClInclude>
    <ClInclude Include="..\mclib\lz.h">
      <Filter>Headers\mclib\lib</Filter>
    </ClInclude>
    <ClInclude Include="..\mclib\mathfunc.h">
      <Filter>Headers\mclib\lib</Filter>
    </ClInclude>
    <ClInclude Include="..\mclib\msl.h">
      <Filter>Headers\mclib\lib</Filter>
    </ClInclude>
    <ClInclude Include="..\mclib\objstatus.h">
      <Filter>Headers\mclib\lib</Filter>
    </ClInclude>
    <ClInclude Include="..\mclib\paths.h">
      <Filter>Headers\mclib\lib</Filter>
    </ClInclude>
    <ClInclude Include="..\mclib\pqueue.h">
      <Filter>Headers\mclib\lib</Filter>
    </ClInclude>
    <ClInclude Include="..\mclib\scale.h">
      <Filter>Headers\mclib\lib</Filter>
    </ClInclude>
    <ClInclude Include="..\mclib\sortlist.h">
      <Filter>Headers\mclib\lib</Filter>
    </ClInclude>
    <ClInclude Include="..\mclib\tgainfo.h">
      <Filter>Headers\mclib\lib</Filter>
    </ClInclude>
    <ClInclude Include="..\mclib\tgl.h">
      <Filter>Headers\mclib\lib</Filter>
    </ClInclude>
    <ClInclude Include="..\mclib\timing.h">
      <Filter>Headers\mclib\lib</Filter>
    </ClInclude>
    <ClInclude Include="..\mclib\txmmgr.h">
      <Filter>Headers\mclib\lib</Filter>
    </ClInclude>
    <ClInclude Include="..\mclib\userinput.h">
      <Filter>Headers\mclib\lib</Filter>
    </ClInclude>
    <ClInclude Include="..\mclib\vfx.h">
      <Filter>Headers\mclib\lib</Filter>
    </ClInclude>
    <ClInclude Include="..\mclib\vport.h">
      <Filter>Headers\mclib\lib</Filter>
    </ClInclude>
    <ClInclude Include="..\mclib\weaponfx.h">
      <Filter>Headers\mclib\lib</Filter>
    </ClInclude>
    <ClInclude Include="..\mclib\abl.h">
      <Filter>Headers\mclib\abl</Filter>
    </ClInclude>
    <ClInclude Include="..\mclib\abldbug.h">
      <Filter>Headers\mclib\abl</Filter>
    </ClInclude>
    <ClInclude Include="..\mclib\ablenv.h">
      <Filter>Headers\mclib\abl</Filter>
    </ClInclude>
    <ClInclude Include="..\mclib\ablerr.h">
      <Filter>Headers\mclib\abl</Filter>
    </ClInclude>
    <ClInclude Include="..\mclib\ablexec.h">
      <Filter>Headers\mclib\abl</Filter>
    </ClInclude>
    <ClInclude Include="..\mclib\ablgen.h">
      <Filter>Headers\mclib\abl</Filter>
    </ClInclude>
    <ClInclude Include="..\mclib\ablparse.h">
      <Filter>Headers\mclib\abl</Filter>
    </ClInclude>
    <ClInclude Include="..\mclib\ablscan.h">
      <Filter>Headers\mclib\abl</Filter>
    </ClInclude>
    <ClInclude Include="..\mclib\ablsymt.h">
      <Filter>Headers\mclib\abl</Filter>
    </ClInclude>
    <ClInclude Include="..\mclib\appear.h">
      <Filter>Headers\mclib\appear</Filter>
    </ClInclude>
    <ClInclude Include="..\mclib\apprtype.h">
      <Filter>Headers\mclib\appear</Filter>
    </ClInclude>
    <ClInclude Include="..\mclib\bdactor.h">
      <Filter>Headers\mclib\appear</Filter>
    </ClInclude>
    <ClInclude Include="..\mclib\genactor.h">
      <Filter>Headers\mclib\appear</Filter>
    </ClInclude>
    <ClInclude Include="..\mclib\gvactor.h">
      <Filter>Headers\mclib\appear</Filter>
    </ClInclude>
    <ClInclude Include="..\mclib\mech3d.h">
      <Filter>Headers\mclib\appear</Filter>
    </ClInclude>
    <ClInclude Include="..\mclib\mstates.h">
      <Filter>Headers\mclib\appear</Filter>
    </ClInclude>
    <ClInclude Include="..\mclib\camera.h">
      <Filter>Headers\mclib\camera</Filter>
    </ClInclude>
    <ClInclude Include="..\mclib\dcamera.h">
      <Filter>Headers\mclib\camera</Filter>
    </ClInclude>
    <ClInclude Include="..\mclib\celement.h">
      <Filter>Headers\mclib\element</Filter>
    </ClInclude>
    <ClInclude Include="..\mclib\celine.h">
      <Filter>Headers\mclib\element</Filter>
    </ClInclude>
    <ClInclude Include="..\mclib\cellip.h">
      <Filter>Headers\mclib\element</Filter>
    </ClInclude>
    <ClInclude Include="..\mclib\cepane.h">
      <Filter>Headers\mclib\element</Filter>
    </ClInclude>
    <ClInclude Include="..\mclib\cepoly.h">
      <Filter>Headers\mclib\element</Filter>
    </ClInclude>
    <ClInclude Include="..\mclib\cevfx.h">
      <Filter>Headers\mclib\element</Filter>
    </ClInclude>
    <ClInclude Include="..\mclib\csvfile.h">
      <Filter>Headers\mclib\file</Filter>
    </ClInclude>
    <ClInclude Include="..\mclib\fastfile.h">
      <Filter>Headers\mclib\file</Filter>
    </ClInclude>
    <ClInclude Include="..\mclib\ffent.h">
      <Filter>Headers\mclib\file</Filter>
    </ClInclude>
    <ClInclude Include="..\mclib\ffile.h">
      <Filter>Headers\mclib\file</Filter>
    </ClInclude>
    <ClInclude Include="..\mclib\file.h">
      <Filter>Headers\mclib\file</Filter>
    </ClInclude>
    <ClInclude Include="..\mclib\gamelog.h">
      <Filter>Headers\mclib\file</Filter>
    </ClInclude>
    <ClInclude Include="..\mclib\inifile.h">
      <Filter>Headers\mclib\file</Filter>
    </ClInclude>
    <ClInclude Include="..\mclib\packet.h">
      <Filter>Headers\mclib\file</Filter>
    </ClInclude>
    <ClInclude Include="..\mclib\dbasegui.h">
      <Filter>Headers\mclib\gui</Filter>
    </ClInclude>
    <ClInclude Include="..\mclib\clouds.h">
      <Filter>Headers\mclib\terrain</Filter>
    </ClInclude>
    <ClInclude Include="..\mclib\crater.h">
      <Filter>Headers\mclib\terrain</Filter>
    </ClInclude>
    <ClInclude Include="..\mclib\dmapdata.h">
      <Filter>Headers\mclib\terrain</Filter>
    </ClInclude>
    <ClInclude Include="..\mclib\dquad.h">
      <Filter>Headers\mclib\terrain</Filter>
    </ClInclude>
    <ClInclude Include="..\mclib\dterrain.h">
      <Filter>Headers\mclib\terrain</Filter>
    </ClInclude>
    <ClInclude Include="..\mclib\dterrtxm.h">
      <Filter>Headers\mclib\terrain</Filter>
    </ClInclude>
    <ClInclude Include="..\mclib\dvertex.h">
      <Filter>Headers\mclib\terrain</Filter>
    </ClInclude>
    <ClInclude Include="..\mclib\mapdata.h">
      <Filter>Headers\mclib\terrain</Filter>
    </ClInclude>
    <ClInclude Include="..\mclib\quad.h">
      <Filter>Headers\mclib\terrain</Filter>
    </ClInclude>
    <ClInclude Include="..\mclib\resizeimage.h">
      <Filter>Headers\mclib\terrain</Filter>
    </ClInclude>
    <ClInclude Include="..\mclib\terrain.h">
      <Filter>Headers\mclib\terrain</Filter>
    </ClInclude>
    <ClInclude Include="..\mclib\terrtxm.h">
      <Filter>Headers\mclib\terrain</Filter>
    </ClInclude>
    <ClInclude Include="..\mclib\terrtxm2.h">
      <Filter>Headers\mclib\terrain</Filter>
    </ClInclude>
    <ClInclude Include="..\mclib\txmconv.h">
      <Filter>Headers\mclib\terrain</Filter>
    </ClInclude>
    <ClInclude Include="..\mclib\vertex.h">
      <Filter>Headers\mclib\terrain</Filter>
    </ClInclude>
    <ClInclude Include="..\include\mechresources.h">
      <Filter>Headers\common</Filter>
    </ClInclude>
    <ClInclude Include="..\include\mechtypes.h">
      <Filter>Headers\common</Filter>
    </ClInclude>
    <ClInclude Include="..\mclib\resource.h">
      <Filter>Headers\Resources\mclib</Filter>
    </ClInclude>
    <ClInclude Include="..\pch\stdinc.h">
      <Filter>build\precompiled</Filter>
    </ClInclude>
  </ItemGroup>
  <ItemGroup>
    <None Include="mechcommander.vsprops">
      <Filter>build\config</Filter>
    </None>
  </ItemGroup>
</Project>