<?xml version="1.0" encoding="utf-8"?>
<Project ToolsVersion="4.0" xmlns="http://schemas.microsoft.com/developer/msbuild/2003">
  <ItemGroup>
    <Filter Include="Sources">
      <UniqueIdentifier>{4FC737F1-C7A5-4376-A066-2A32D752A2FF}</UniqueIdentifier>
      <Extensions>cpp;c;cc;cxx;def;odl;idl;hpj;bat;asm;asmx</Extensions>
    </Filter>
    <Filter Include="Sources\mlr">
      <UniqueIdentifier>{01e4b2d6-ec73-4ad9-bbe9-84e881030d07}</UniqueIdentifier>
    </Filter>
    <Filter Include="Sources\mlr\Geometries">
      <UniqueIdentifier>{2beef30a-fe0c-475b-bd96-cd838f682f2a}</UniqueIdentifier>
    </Filter>
    <Filter Include="Sources\mlr\Geometries\Indexed Polygon Meshes">
      <UniqueIdentifier>{9c512225-e97b-43be-9d1b-bfacb3887590}</UniqueIdentifier>
    </Filter>
    <Filter Include="Sources\mlr\Geometries\Indexed Triangle Meshes">
      <UniqueIdentifier>{18167a9c-ed64-4cd0-9b56-3dcd70348c75}</UniqueIdentifier>
    </Filter>
    <Filter Include="Sources\mlr\Geometries\Terrain">
      <UniqueIdentifier>{f2cb3642-1e76-4368-8c89-acbc80a8625d}</UniqueIdentifier>
    </Filter>
    <Filter Include="Sources\mlr\Lighting">
      <UniqueIdentifier>{e21acb8f-d11e-4d94-b6d0-04a85e8a82cb}</UniqueIdentifier>
    </Filter>
    <Filter Include="Sources\mlr\Sorting">
      <UniqueIdentifier>{4fcc2f99-51cf-4b0e-a2f4-1f74d371a157}</UniqueIdentifier>
    </Filter>
    <Filter Include="Sources\mlr\Texture">
      <UniqueIdentifier>{a5175dae-f1bc-41ff-9bc0-d616e846aae6}</UniqueIdentifier>
    </Filter>
    <Filter Include="Sources\mlr\Rasterizer">
      <UniqueIdentifier>{f9eb2bbc-f72c-40ee-abd6-7f891695e818}</UniqueIdentifier>
    </Filter>
    <Filter Include="Sources\mlr\Clipping">
      <UniqueIdentifier>{e1d79671-4ce1-49b9-becd-5ea025b589dc}</UniqueIdentifier>
    </Filter>
    <Filter Include="Sources\mlr\Effects">
      <UniqueIdentifier>{758eb7c9-f3e2-4b93-bd25-d5f6b8946c20}</UniqueIdentifier>
    </Filter>
    <Filter Include="Sources\extra">
      <UniqueIdentifier>{6bcd11ab-afa1-47ad-8ce4-1ea9682f96ad}</UniqueIdentifier>
    </Filter>
    <Filter Include="Headers">
      <UniqueIdentifier>{93995380-89BD-4b04-88EB-625FBE52EBFB}</UniqueIdentifier>
      <Extensions>h;hh;hpp;hxx;hm;inl;inc;xsd</Extensions>
    </Filter>
    <Filter Include="Headers\mlr">
      <UniqueIdentifier>{28f9dfe5-4d25-48c1-8879-190483149bab}</UniqueIdentifier>
    </Filter>
    <Filter Include="Headers\mlr\Geometries">
      <UniqueIdentifier>{b20d47e9-222c-4578-869c-b73aaba9a0c0}</UniqueIdentifier>
    </Filter>
    <Filter Include="Headers\mlr\Geometries\Indexed Polygon Meshes">
      <UniqueIdentifier>{499491a3-3f5c-4e07-a066-261eaf964b0d}</UniqueIdentifier>
    </Filter>
    <Filter Include="Headers\mlr\Geometries\Indexed Triangle Meshes">
      <UniqueIdentifier>{196ebd6a-dd86-4af7-86ee-cdf27c118626}</UniqueIdentifier>
    </Filter>
    <Filter Include="Headers\mlr\Geometries\Terrain">
      <UniqueIdentifier>{9907472f-e0f1-4159-8bd3-53e3e6743ae0}</UniqueIdentifier>
    </Filter>
    <Filter Include="Headers\mlr\Lighting">
      <UniqueIdentifier>{54607952-c7a2-4466-b532-69ff4d2cb82b}</UniqueIdentifier>
    </Filter>
    <Filter Include="Headers\mlr\Sorting">
      <UniqueIdentifier>{f9d9a075-eed1-4e10-82ce-046f7228cc47}</UniqueIdentifier>
    </Filter>
    <Filter Include="Headers\mlr\Texture">
      <UniqueIdentifier>{3eca4e28-4489-4381-8f9b-dd69c2f2de08}</UniqueIdentifier>
    </Filter>
    <Filter Include="Headers\mlr\Rasterizer">
      <UniqueIdentifier>{97aa8786-12a2-45a9-af98-0ff5f858b2b0}</UniqueIdentifier>
    </Filter>
    <Filter Include="Headers\mlr\Clipping">
      <UniqueIdentifier>{4303bf02-26d4-4032-8a67-28960342b3a6}</UniqueIdentifier>
    </Filter>
    <Filter Include="Headers\mlr\Effects">
      <UniqueIdentifier>{8a28fde0-2e50-4b8b-b74f-3fc99155111c}</UniqueIdentifier>
    </Filter>
    <Filter Include="Headers\extra">
      <UniqueIdentifier>{8898014f-bedc-489a-a952-e49f515c2bda}</UniqueIdentifier>
    </Filter>
    <Filter Include="Headers\common">
      <UniqueIdentifier>{5064b4e6-334e-4549-82ee-e85769c30306}</UniqueIdentifier>
    </Filter>
    <Filter Include="Headers\inlines">
      <UniqueIdentifier>{d9007382-2f9b-47f6-80a7-e3136671e4b5}</UniqueIdentifier>
    </Filter>
    <Filter Include="Resources">
      <UniqueIdentifier>{67DA6AB6-F800-4c08-8B7A-83BB121AAD01}</UniqueIdentifier>
      <Extensions>rc;ico;cur;bmp;dlg;rc2;rct;bin;rgs;gif;jpg;jpeg;jpe;resx;tiff;tif;png;wav;mfcribbon-ms</Extensions>
    </Filter>
    <Filter Include="Resources\mlr">
      <UniqueIdentifier>{08227831-2336-4276-9763-8d29d9f988bd}</UniqueIdentifier>
    </Filter>
    <Filter Include="build">
      <UniqueIdentifier>{6de1e3c0-3042-4a3a-9599-e3d5b315e9f3}</UniqueIdentifier>
    </Filter>
    <Filter Include="build\WinDDK">
      <UniqueIdentifier>{b132eeb1-0b9e-4e32-901c-a5612c1fad16}</UniqueIdentifier>
    </Filter>
    <Filter Include="build\precompiled">
      <UniqueIdentifier>{d5885b1d-5373-450d-ad35-c42d2d99afee}</UniqueIdentifier>
    </Filter>
    <Filter Include="build\DLL">
      <UniqueIdentifier>{8395c294-4962-4254-9462-34328dc1beaa}</UniqueIdentifier>
    </Filter>
  </ItemGroup>
  <ItemGroup>
    <ClCompile Include="..\mclib\mlr\mlr.cpp">
      <Filter>Sources\mlr</Filter>
    </ClCompile>
    <ClCompile Include="..\mclib\mlr\mlrindexedprimitivebase.cpp">
      <Filter>Sources\mlr\Geometries</Filter>
    </ClCompile>
    <ClCompile Include="..\mclib\mlr\mlrprimitivebase.cpp">
      <Filter>Sources\mlr\Geometries</Filter>
    </ClCompile>
    <ClCompile Include="..\mclib\mlr\mlrshape.cpp">
      <Filter>Sources\mlr\Geometries</Filter>
    </ClCompile>
    <ClCompile Include="..\mclib\mlr\mlr_i_c_det_pmesh.cpp">
      <Filter>Sources\mlr\Geometries\Indexed Polygon Meshes</Filter>
    </ClCompile>
    <ClCompile Include="..\mclib\mlr\mlr_i_c_dt_pmesh.cpp">
      <Filter>Sources\mlr\Geometries\Indexed Polygon Meshes</Filter>
    </ClCompile>
    <ClCompile Include="..\mclib\mlr\mlr_i_c_pmesh.cpp">
      <Filter>Sources\mlr\Geometries\Indexed Polygon Meshes</Filter>
    </ClCompile>
    <ClCompile Include="..\mclib\mlr\mlr_i_det_pmesh.cpp">
      <Filter>Sources\mlr\Geometries\Indexed Polygon Meshes</Filter>
    </ClCompile>
    <ClCompile Include="..\mclib\mlr\mlr_i_dt_pmesh.cpp">
      <Filter>Sources\mlr\Geometries\Indexed Polygon Meshes</Filter>
    </ClCompile>
    <ClCompile Include="..\mclib\mlr\mlr_i_l_det_pmesh.cpp">
      <Filter>Sources\mlr\Geometries\Indexed Polygon Meshes</Filter>
    </ClCompile>
    <ClCompile Include="..\mclib\mlr\mlr_i_l_dt_pmesh.cpp">
      <Filter>Sources\mlr\Geometries\Indexed Polygon Meshes</Filter>
    </ClCompile>
    <ClCompile Include="..\mclib\mlr\mlr_i_l_pmesh.cpp">
      <Filter>Sources\mlr\Geometries\Indexed Polygon Meshes</Filter>
    </ClCompile>
    <ClCompile Include="..\mclib\mlr\mlr_i_mt_pmesh.cpp">
      <Filter>Sources\mlr\Geometries\Indexed Polygon Meshes</Filter>
    </ClCompile>
    <ClCompile Include="..\mclib\mlr\mlr_i_pmesh.cpp">
      <Filter>Sources\mlr\Geometries\Indexed Polygon Meshes</Filter>
    </ClCompile>
    <ClCompile Include="..\mclib\mlr\mlr_i_c_det_tmesh.cpp">
      <Filter>Sources\mlr\Geometries\Indexed Triangle Meshes</Filter>
    </ClCompile>
    <ClCompile Include="..\mclib\mlr\mlr_i_c_dt_tmesh.cpp">
      <Filter>Sources\mlr\Geometries\Indexed Triangle Meshes</Filter>
    </ClCompile>
    <ClCompile Include="..\mclib\mlr\mlr_i_c_tmesh.cpp">
      <Filter>Sources\mlr\Geometries\Indexed Triangle Meshes</Filter>
    </ClCompile>
    <ClCompile Include="..\mclib\mlr\mlr_i_det_tmesh.cpp">
      <Filter>Sources\mlr\Geometries\Indexed Triangle Meshes</Filter>
    </ClCompile>
    <ClCompile Include="..\mclib\mlr\mlr_i_dt_tmesh.cpp">
      <Filter>Sources\mlr\Geometries\Indexed Triangle Meshes</Filter>
    </ClCompile>
    <ClCompile Include="..\mclib\mlr\mlr_i_l_det_tmesh.cpp">
      <Filter>Sources\mlr\Geometries\Indexed Triangle Meshes</Filter>
    </ClCompile>
    <ClCompile Include="..\mclib\mlr\mlr_i_l_dt_tmesh.cpp">
      <Filter>Sources\mlr\Geometries\Indexed Triangle Meshes</Filter>
    </ClCompile>
    <ClCompile Include="..\mclib\mlr\mlr_i_l_tmesh.cpp">
      <Filter>Sources\mlr\Geometries\Indexed Triangle Meshes</Filter>
    </ClCompile>
    <ClCompile Include="..\mclib\mlr\mlr_i_tmesh.cpp">
      <Filter>Sources\mlr\Geometries\Indexed Triangle Meshes</Filter>
    </ClCompile>
    <ClCompile Include="..\mclib\mlr\mlr_terrain.cpp">
      <Filter>Sources\mlr\Geometries\Terrain</Filter>
    </ClCompile>
    <ClCompile Include="..\mclib\mlr\mlr_terrain2.cpp">
      <Filter>Sources\mlr\Geometries\Terrain</Filter>
    </ClCompile>
    <ClCompile Include="..\mclib\mlr\mlrambientlight.cpp">
      <Filter>Sources\mlr\Lighting</Filter>
    </ClCompile>
    <ClCompile Include="..\mclib\mlr\mlrinfinitelight.cpp">
      <Filter>Sources\mlr\Lighting</Filter>
    </ClCompile>
    <ClCompile Include="..\mclib\mlr\mlrinfinitelightwithfalloff.cpp">
      <Filter>Sources\mlr\Lighting</Filter>
    </ClCompile>
    <ClCompile Include="..\mclib\mlr\mlrlight.cpp">
      <Filter>Sources\mlr\Lighting</Filter>
    </ClCompile>
    <ClCompile Include="..\mclib\mlr\mlrlightmap.cpp">
      <Filter>Sources\mlr\Lighting</Filter>
    </ClCompile>
    <ClCompile Include="..\mclib\mlr\mlrlookuplight.cpp">
      <Filter>Sources\mlr\Lighting</Filter>
    </ClCompile>
    <ClCompile Include="..\mclib\mlr\mlrpointlight.cpp">
      <Filter>Sources\mlr\Lighting</Filter>
    </ClCompile>
    <ClCompile Include="..\mclib\mlr\mlrspotlight.cpp">
      <Filter>Sources\mlr\Lighting</Filter>
    </ClCompile>
    <ClCompile Include="..\mclib\mlr\mlrsortbyorder.cpp">
      <Filter>Sources\mlr\Sorting</Filter>
    </ClCompile>
    <ClCompile Include="..\mclib\mlr\mlrsorter.cpp">
      <Filter>Sources\mlr\Sorting</Filter>
    </ClCompile>
    <ClCompile Include="..\mclib\mlr\mlrstate.cpp">
      <Filter>Sources\mlr\Sorting</Filter>
    </ClCompile>
    <ClCompile Include="..\mclib\mlr\mlrtexture.cpp">
      <Filter>Sources\mlr\Texture</Filter>
    </ClCompile>
    <ClCompile Include="..\mclib\mlr\mlrtexturepool.cpp">
      <Filter>Sources\mlr\Texture</Filter>
    </ClCompile>
    <ClCompile Include="..\mclib\mlr\gosimage.cpp">
      <Filter>Sources\mlr\Rasterizer</Filter>
    </ClCompile>
    <ClCompile Include="..\mclib\mlr\gosimagepool.cpp">
      <Filter>Sources\mlr\Rasterizer</Filter>
    </ClCompile>
    <ClCompile Include="..\mclib\mlr\gosvertex.cpp">
      <Filter>Sources\mlr\Rasterizer</Filter>
    </ClCompile>
    <ClCompile Include="..\mclib\mlr\gosvertex2uv.cpp">
      <Filter>Sources\mlr\Rasterizer</Filter>
    </ClCompile>
    <ClCompile Include="..\mclib\mlr\mlrclipper.cpp">
      <Filter>Sources\mlr\Clipping</Filter>
    </ClCompile>
    <ClCompile Include="..\mclib\mlr\mlrclippingstate.cpp">
      <Filter>Sources\mlr\Clipping</Filter>
    </ClCompile>
    <ClCompile Include="..\mclib\mlr\mlrcardcloud.cpp">
      <Filter>Sources\mlr\Effects</Filter>
    </ClCompile>
    <ClCompile Include="..\mclib\mlr\mlreffect.cpp">
      <Filter>Sources\mlr\Effects</Filter>
    </ClCompile>
    <ClCompile Include="..\mclib\mlr\mlrindexedtrianglecloud.cpp">
      <Filter>Sources\mlr\Effects</Filter>
    </ClCompile>
    <ClCompile Include="..\mclib\mlr\mlrlinecloud.cpp">
      <Filter>Sources\mlr\Effects</Filter>
    </ClCompile>
    <ClCompile Include="..\mclib\mlr\mlrngoncloud.cpp">
      <Filter>Sources\mlr\Effects</Filter>
    </ClCompile>
    <ClCompile Include="..\mclib\mlr\mlrpointcloud.cpp">
      <Filter>Sources\mlr\Effects</Filter>
    </ClCompile>
    <ClCompile Include="..\mclib\mlr\mlrtrianglecloud.cpp">
      <Filter>Sources\mlr\Effects</Filter>
    </ClCompile>
    <ClCompile Include="junktest.cpp">
      <Filter>Sources\extra</Filter>
    </ClCompile>
    <ClCompile Include="..\mclib\mlr\mlrheaders.cpp">
      <Filter>build\precompiled</Filter>
    </ClCompile>
    <ClCompile Include="..\pch\stdinc.cpp">
      <Filter>build\precompiled</Filter>
    </ClCompile>
  </ItemGroup>
  <ItemGroup>
    <ClInclude Include="..\mclib\mlr\mlr.h">
      <Filter>Headers\mlr</Filter>
    </ClInclude>
    <ClInclude Include="..\mclib\mlr\mlrcliptrick.h">
      <Filter>Headers\mlr\Geometries</Filter>
    </ClInclude>
    <ClInclude Include="..\mclib\mlr\mlrindexedprimitivebase.h">
      <Filter>Headers\mlr\Geometries</Filter>
    </ClInclude>
    <ClInclude Include="..\mclib\mlr\mlrprimitivebase.h">
      <Filter>Headers\mlr\Geometries</Filter>
    </ClInclude>
    <ClInclude Include="..\mclib\mlr\mlrshape.h">
      <Filter>Headers\mlr\Geometries</Filter>
    </ClInclude>
    <ClInclude Include="..\mclib\mlr\mlr_i_c_det_pmesh.h">
      <Filter>Headers\mlr\Geometries\Indexed Polygon Meshes</Filter>
    </ClInclude>
    <ClInclude Include="..\mclib\mlr\mlr_i_c_dt_pmesh.h">
      <Filter>Headers\mlr\Geometries\Indexed Polygon Meshes</Filter>
    </ClInclude>
    <ClInclude Include="..\mclib\mlr\mlr_i_c_pmesh.h">
      <Filter>Headers\mlr\Geometries\Indexed Polygon Meshes</Filter>
    </ClInclude>
    <ClInclude Include="..\mclib\mlr\mlr_i_det_pmesh.h">
      <Filter>Headers\mlr\Geometries\Indexed Polygon Meshes</Filter>
    </ClInclude>
    <ClInclude Include="..\mclib\mlr\mlr_i_dt_pmesh.h">
      <Filter>Headers\mlr\Geometries\Indexed Polygon Meshes</Filter>
    </ClInclude>
    <ClInclude Include="..\mclib\mlr\mlr_i_l_det_pmesh.h">
      <Filter>Headers\mlr\Geometries\Indexed Polygon Meshes</Filter>
    </ClInclude>
    <ClInclude Include="..\mclib\mlr\mlr_i_l_dt_pmesh.h">
      <Filter>Headers\mlr\Geometries\Indexed Polygon Meshes</Filter>
    </ClInclude>
    <ClInclude Include="..\mclib\mlr\mlr_i_l_pmesh.h">
      <Filter>Headers\mlr\Geometries\Indexed Polygon Meshes</Filter>
    </ClInclude>
    <ClInclude Include="..\mclib\mlr\mlr_i_mt_pmesh.h">
      <Filter>Headers\mlr\Geometries\Indexed Polygon Meshes</Filter>
    </ClInclude>
    <ClInclude Include="..\mclib\mlr\mlr_i_pmesh.h">
      <Filter>Headers\mlr\Geometries\Indexed Polygon Meshes</Filter>
    </ClInclude>
    <ClInclude Include="..\mclib\mlr\mlr_i_c_det_tmesh.h">
      <Filter>Headers\mlr\Geometries\Indexed Triangle Meshes</Filter>
    </ClInclude>
    <ClInclude Include="..\mclib\mlr\mlr_i_c_dt_tmesh.h">
      <Filter>Headers\mlr\Geometries\Indexed Triangle Meshes</Filter>
    </ClInclude>
    <ClInclude Include="..\mclib\mlr\mlr_i_c_tmesh.h">
      <Filter>Headers\mlr\Geometries\Indexed Triangle Meshes</Filter>
    </ClInclude>
    <ClInclude Include="..\mclib\mlr\mlr_i_det_tmesh.h">
      <Filter>Headers\mlr\Geometries\Indexed Triangle Meshes</Filter>
    </ClInclude>
    <ClInclude Include="..\mclib\mlr\mlr_i_dt_tmesh.h">
      <Filter>Headers\mlr\Geometries\Indexed Triangle Meshes</Filter>
    </ClInclude>
    <ClInclude Include="..\mclib\mlr\mlr_i_l_det_tmesh.h">
      <Filter>Headers\mlr\Geometries\Indexed Triangle Meshes</Filter>
    </ClInclude>
    <ClInclude Include="..\mclib\mlr\mlr_i_l_dt_tmesh.h">
      <Filter>Headers\mlr\Geometries\Indexed Triangle Meshes</Filter>
    </ClInclude>
    <ClInclude Include="..\mclib\mlr\mlr_i_l_tmesh.h">
      <Filter>Headers\mlr\Geometries\Indexed Triangle Meshes</Filter>
    </ClInclude>
    <ClInclude Include="..\mclib\mlr\mlr_i_tmesh.h">
      <Filter>Headers\mlr\Geometries\Indexed Triangle Meshes</Filter>
    </ClInclude>
    <ClInclude Include="..\mclib\mlr\mlr_terrain.h">
      <Filter>Headers\mlr\Geometries\Terrain</Filter>
    </ClInclude>
    <ClInclude Include="..\mclib\mlr\mlr_terrain2.h">
      <Filter>Headers\mlr\Geometries\Terrain</Filter>
    </ClInclude>
    <ClInclude Include="..\mclib\mlr\mlrambientlight.h">
      <Filter>Headers\mlr\Lighting</Filter>
    </ClInclude>
    <ClInclude Include="..\mclib\mlr\mlrinfinitelight.h">
      <Filter>Headers\mlr\Lighting</Filter>
    </ClInclude>
    <ClInclude Include="..\mclib\mlr\mlrinfinitelightwithfalloff.h">
      <Filter>Headers\mlr\Lighting</Filter>
    </ClInclude>
    <ClInclude Include="..\mclib\mlr\mlrlight.h">
      <Filter>Headers\mlr\Lighting</Filter>
    </ClInclude>
    <ClInclude Include="..\mclib\mlr\mlrlightmap.h">
      <Filter>Headers\mlr\Lighting</Filter>
    </ClInclude>
    <ClInclude Include="..\mclib\mlr\mlrlookuplight.h">
      <Filter>Headers\mlr\Lighting</Filter>
    </ClInclude>
    <ClInclude Include="..\mclib\mlr\mlrpointlight.h">
      <Filter>Headers\mlr\Lighting</Filter>
    </ClInclude>
    <ClInclude Include="..\mclib\mlr\mlrspotlight.h">
      <Filter>Headers\mlr\Lighting</Filter>
    </ClInclude>
    <ClInclude Include="..\mclib\mlr\mlrsortbyorder.h">
      <Filter>Headers\mlr\Sorting</Filter>
    </ClInclude>
    <ClInclude Include="..\mclib\mlr\mlrsorter.h">
      <Filter>Headers\mlr\Sorting</Filter>
    </ClInclude>
    <ClInclude Include="..\mclib\mlr\mlrstate.h">
      <Filter>Headers\mlr\Sorting</Filter>
    </ClInclude>
    <ClInclude Include="..\mclib\mlr\mlrtexture.h">
      <Filter>Headers\mlr\Texture</Filter>
    </ClInclude>
    <ClInclude Include="..\mclib\mlr\mlrtexturepool.h">
      <Filter>Headers\mlr\Texture</Filter>
    </ClInclude>
    <ClInclude Include="..\mclib\mlr\gosimage.h">
      <Filter>Headers\mlr\Rasterizer</Filter>
    </ClInclude>
    <ClInclude Include="..\mclib\mlr\gosimagepool.h">
      <Filter>Headers\mlr\Rasterizer</Filter>
    </ClInclude>
    <ClInclude Include="..\mclib\mlr\gosvertex.h">
      <Filter>Headers\mlr\Rasterizer</Filter>
    </ClInclude>
    <ClInclude Include="..\mclib\mlr\gosvertex2uv.h">
      <Filter>Headers\mlr\Rasterizer</Filter>
    </ClInclude>
    <ClInclude Include="..\mclib\mlr\gosvertexpool.h">
      <Filter>Headers\mlr\Rasterizer</Filter>
    </ClInclude>
    <ClInclude Include="..\mclib\mlr\mlrclipper.h">
      <Filter>Headers\mlr\Clipping</Filter>
    </ClInclude>
    <ClInclude Include="..\mclib\mlr\mlrclippingstate.h">
      <Filter>Headers\mlr\Clipping</Filter>
    </ClInclude>
    <ClInclude Include="..\mclib\mlr\mlrcardcloud.h">
      <Filter>Headers\mlr\Effects</Filter>
    </ClInclude>
    <ClInclude Include="..\mclib\mlr\mlreffect.h">
      <Filter>Headers\mlr\Effects</Filter>
    </ClInclude>
    <ClInclude Include="..\mclib\mlr\mlrindexedtrianglecloud.h">
      <Filter>Headers\mlr\Effects</Filter>
    </ClInclude>
    <ClInclude Include="..\mclib\mlr\mlrlinecloud.h">
      <Filter>Headers\mlr\Effects</Filter>
    </ClInclude>
    <ClInclude Include="..\mclib\mlr\mlrngoncloud.h">
      <Filter>Headers\mlr\Effects</Filter>
    </ClInclude>
    <ClInclude Include="..\mclib\mlr\mlrpointcloud.h">
      <Filter>Headers\mlr\Effects</Filter>
    </ClInclude>
    <ClInclude Include="..\mclib\mlr\mlrtrianglecloud.h">
      <Filter>Headers\mlr\Effects</Filter>
    </ClInclude>
    <ClInclude Include="..\include\mechclassids.h">
      <Filter>Headers\common</Filter>
    </ClInclude>
    <ClInclude Include="..\include\mechresources.h">
      <Filter>Headers\common</Filter>
    </ClInclude>
    <ClInclude Include="..\include\mechtypes.h">
      <Filter>Headers\common</Filter>
    </ClInclude>
    <ClInclude Include="..\mclib\mlr\mlrheaders.h">
      <Filter>build\precompiled</Filter>
    </ClInclude>
    <ClInclude Include="..\pch\stdinc.h">
      <Filter>build\precompiled</Filter>
    </ClInclude>
  </ItemGroup>
  <ItemGroup>
    <None Include="..\mclib\mlr\gosvertexmanipulation.inl">
      <Filter>Headers\inlines</Filter>
    </None>
    <None Include="..\mclib\mlr\mlrprimitiveclipping.inl">
      <Filter>Headers\inlines</Filter>
    </None>
    <None Include="..\mclib\mlr\mlrprimitivelighting.inl">
      <Filter>Headers\inlines</Filter>
    </None>
    <None Include="..\mclib\mlr\mlrtriangleclipping.inl">
      <Filter>Headers\inlines</Filter>
    </None>
    <None Include="..\mclib\mlr\mlrtrianglelighting.inl">
      <Filter>Headers\inlines</Filter>
    </None>
  </ItemGroup>
</Project>