<?xml version="1.0" encoding="utf-8"?>
<Project ToolsVersion="4.0" xmlns="http://schemas.microsoft.com/developer/msbuild/2003">
  <ItemGroup>
    <Filter Include="Sources">
      <UniqueIdentifier>{4FC737F1-C7A5-4376-A066-2A32D752A2FF}</UniqueIdentifier>
      <Extensions>cpp;c;cc;cxx;def;odl;idl;hpj;bat;asm;asmx</Extensions>
    </Filter>
    <Filter Include="Sources\stuff">
      <UniqueIdentifier>{ff6b1b2d-dc70-474b-9646-63191114fc40}</UniqueIdentifier>
    </Filter>
    <Filter Include="Sources\stuff\Armor">
      <UniqueIdentifier>{9de4eae3-d069-4606-9d69-b5311b19dc85}</UniqueIdentifier>
    </Filter>
    <Filter Include="Sources\stuff\Math Library">
      <UniqueIdentifier>{de130557-e48e-4ae2-a8b5-657d8ff690d9}</UniqueIdentifier>
    </Filter>
    <Filter Include="Sources\stuff\Memory Allocation">
      <UniqueIdentifier>{447f5ce1-d32a-491d-b090-20d8712a43c3}</UniqueIdentifier>
    </Filter>
    <Filter Include="Sources\stuff\Connection Engine">
      <UniqueIdentifier>{bd1a5333-a658-4301-85bd-03a5f5da9a5a}</UniqueIdentifier>
    </Filter>
    <Filter Include="Sources\stuff\Stream Functions">
      <UniqueIdentifier>{2e523d2a-23c5-48a5-9bbf-d5e760c99104}</UniqueIdentifier>
    </Filter>
    <Filter Include="Sources\stuff\tests">
      <UniqueIdentifier>{f6c119da-d52e-4202-870b-d13a6860d769}</UniqueIdentifier>
    </Filter>
    <Filter Include="Sources\extra">
      <UniqueIdentifier>{509d7c65-631d-4470-8593-7551c1a08292}</UniqueIdentifier>
    </Filter>
    <Filter Include="Sources\not used">
      <UniqueIdentifier>{e903f57e-c1c4-4056-bda0-3d0232276202}</UniqueIdentifier>
    </Filter>
    <Filter Include="Headers">
      <UniqueIdentifier>{93995380-89BD-4b04-88EB-625FBE52EBFB}</UniqueIdentifier>
      <Extensions>h;hh;hpp;hxx;hm;inl;inc;xsd</Extensions>
    </Filter>
    <Filter Include="Headers\stuff">
      <UniqueIdentifier>{1f4ee8a8-ad92-4914-bef4-2f41493ff27a}</UniqueIdentifier>
    </Filter>
    <Filter Include="Headers\stuff\Armor">
      <UniqueIdentifier>{f67cd35e-a6e0-4290-8699-ef3b66528d91}</UniqueIdentifier>
    </Filter>
    <Filter Include="Headers\stuff\Math Library">
      <UniqueIdentifier>{916d8899-07b5-478a-a413-bb60fe6fc1b4}</UniqueIdentifier>
    </Filter>
    <Filter Include="Headers\stuff\Memory Allocation">
      <UniqueIdentifier>{752b168a-8ea7-43ce-9271-dab9329a727d}</UniqueIdentifier>
    </Filter>
    <Filter Include="Headers\stuff\Connection Engine">
      <UniqueIdentifier>{ac78fc14-53cd-474e-b7cc-a3220d0721f2}</UniqueIdentifier>
    </Filter>
    <Filter Include="Headers\stuff\Stream Functions">
      <UniqueIdentifier>{9f53bdd6-a81d-4f84-94f1-f519278cda6e}</UniqueIdentifier>
    </Filter>
    <Filter Include="Headers\extra">
      <UniqueIdentifier>{bc96b9bc-1594-411f-81bb-1ecf526568e6}</UniqueIdentifier>
    </Filter>
    <Filter Include="Headers\common">
      <UniqueIdentifier>{6d635947-d588-4594-8719-9c9094945c1b}</UniqueIdentifier>
    </Filter>
    <Filter Include="Resources">
      <UniqueIdentifier>{67DA6AB6-F800-4c08-8B7A-83BB121AAD01}</UniqueIdentifier>
      <Extensions>rc;ico;cur;bmp;dlg;rc2;rct;bin;rgs;gif;jpg;jpeg;jpe;resx;tiff;tif;png;wav;mfcribbon-ms</Extensions>
    </Filter>
    <Filter Include="Resources\stuff">
      <UniqueIdentifier>{c9f1d694-9b2c-412c-a006-ac1529803b0a}</UniqueIdentifier>
    </Filter>
    <Filter Include="build">
      <UniqueIdentifier>{855f1307-a464-403d-9b4d-c7affff2d861}</UniqueIdentifier>
    </Filter>
    <Filter Include="build\WinDDK">
      <UniqueIdentifier>{c39856c2-a9d1-43d5-b10f-095bc93c3064}</UniqueIdentifier>
    </Filter>
    <Filter Include="build\precompiled">
      <UniqueIdentifier>{55c14e8c-e7fd-43e3-9df2-8c78d4a276d0}</UniqueIdentifier>
    </Filter>
    <Filter Include="build\DLL">
      <UniqueIdentifier>{85ab7d95-6aec-41ef-bfa6-fa7989b70bf7}</UniqueIdentifier>
    </Filter>
  </ItemGroup>
  <ItemGroup>
    <ClCompile Include="..\mclib\stuff\stuff.cpp">
      <Filter>Sources\stuff</Filter>
    </ClCompile>
    <ClCompile Include="..\mclib\stuff\style.cpp">
      <Filter>Sources\stuff\Armor</Filter>
    </ClCompile>
    <ClCompile Include="..\mclib\stuff\trace.cpp">
      <Filter>Sources\stuff\Armor</Filter>
    </ClCompile>
    <ClCompile Include="..\mclib\stuff\affinematrix.cpp">
      <Filter>Sources\stuff\Math Library</Filter>
    </ClCompile>
    <ClCompile Include="..\mclib\stuff\angle.cpp">
      <Filter>Sources\stuff\Math Library</Filter>
    </ClCompile>
    <ClCompile Include="..\mclib\stuff\color.cpp">
      <Filter>Sources\stuff\Math Library</Filter>
    </ClCompile>
    <ClCompile Include="..\mclib\stuff\extentbox.cpp">
      <Filter>Sources\stuff\Math Library</Filter>
    </ClCompile>
    <ClCompile Include="..\mclib\stuff\line.cpp">
      <Filter>Sources\stuff\Math Library</Filter>
    </ClCompile>
    <ClCompile Include="..\mclib\stuff\linearmatrix.cpp">
      <Filter>Sources\stuff\Math Library</Filter>
    </ClCompile>
    <ClCompile Include="..\mclib\stuff\matrix.cpp">
      <Filter>Sources\stuff\Math Library</Filter>
    </ClCompile>
    <ClCompile Include="..\mclib\stuff\motion.cpp">
      <Filter>Sources\stuff\Math Library</Filter>
    </ClCompile>
    <ClCompile Include="..\mclib\stuff\normal.cpp">
      <Filter>Sources\stuff\Math Library</Filter>
    </ClCompile>
    <ClCompile Include="..\mclib\stuff\obb.cpp">
      <Filter>Sources\stuff\Math Library</Filter>
    </ClCompile>
    <ClCompile Include="..\mclib\stuff\origin.cpp">
      <Filter>Sources\stuff\Math Library</Filter>
    </ClCompile>
    <ClCompile Include="..\mclib\stuff\plane.cpp">
      <Filter>Sources\stuff\Math Library</Filter>
    </ClCompile>
    <ClCompile Include="..\mclib\stuff\point3d.cpp">
      <Filter>Sources\stuff\Math Library</Filter>
    </ClCompile>
    <ClCompile Include="..\mclib\stuff\polar.cpp">
      <Filter>Sources\stuff\Math Library</Filter>
    </ClCompile>
    <ClCompile Include="..\mclib\stuff\random.cpp">
      <Filter>Sources\stuff\Math Library</Filter>
    </ClCompile>
    <ClCompile Include="..\mclib\stuff\ray.cpp">
      <Filter>Sources\stuff\Math Library</Filter>
    </ClCompile>
    <ClCompile Include="..\mclib\stuff\rotation.cpp">
      <Filter>Sources\stuff\Math Library</Filter>
    </ClCompile>
    <ClCompile Include="..\mclib\stuff\scalar.cpp">
      <Filter>Sources\stuff\Math Library</Filter>
    </ClCompile>
    <ClCompile Include="..\mclib\stuff\sphere.cpp">
      <Filter>Sources\stuff\Math Library</Filter>
    </ClCompile>
    <ClCompile Include="..\mclib\stuff\unitvector.cpp">
      <Filter>Sources\stuff\Math Library</Filter>
    </ClCompile>
    <ClCompile Include="..\mclib\stuff\vector3d.cpp">
      <Filter>Sources\stuff\Math Library</Filter>
    </ClCompile>
    <ClCompile Include="..\mclib\stuff\vector4d.cpp">
      <Filter>Sources\stuff\Math Library</Filter>
    </ClCompile>
    <ClCompile Include="..\mclib\stuff\plug.cpp">
      <Filter>Sources\stuff\Connection Engine</Filter>
    </ClCompile>
    <ClCompile Include="..\mclib\stuff\registeredclass.cpp">
      <Filter>Sources\stuff\Connection Engine</Filter>
    </ClCompile>
    <ClCompile Include="..\mclib\stuff\safechain.cpp">
      <Filter>Sources\stuff\Connection Engine</Filter>
    </ClCompile>
    <ClCompile Include="..\mclib\stuff\safesocket.cpp">
      <Filter>Sources\stuff\Connection Engine</Filter>
    </ClCompile>
    <ClCompile Include="..\mclib\stuff\slot.cpp">
      <Filter>Sources\stuff\Connection Engine</Filter>
    </ClCompile>
    <ClCompile Include="..\mclib\stuff\socket.cpp">
      <Filter>Sources\stuff\Connection Engine</Filter>
    </ClCompile>
    <ClCompile Include="..\mclib\stuff\database.cpp">
      <Filter>Sources\stuff\Stream Functions</Filter>
    </ClCompile>
    <ClCompile Include="..\mclib\stuff\filestream.cpp">
      <Filter>Sources\stuff\Stream Functions</Filter>
    </ClCompile>
    <ClCompile Include="..\mclib\stuff\filestreammanager.cpp">
      <Filter>Sources\stuff\Stream Functions</Filter>
    </ClCompile>
    <ClCompile Include="..\mclib\stuff\memorystream.cpp">
      <Filter>Sources\stuff\Stream Functions</Filter>
    </ClCompile>
    <ClCompile Include="..\mclib\stuff\namelist.cpp">
      <Filter>Sources\stuff\Stream Functions</Filter>
    </ClCompile>
    <ClCompile Include="..\mclib\stuff\notationfile.cpp">
      <Filter>Sources\stuff\Stream Functions</Filter>
    </ClCompile>
    <ClCompile Include="..\mclib\stuff\note.cpp">
      <Filter>Sources\stuff\Stream Functions</Filter>
    </ClCompile>
    <ClCompile Include="..\mclib\stuff\page.cpp">
      <Filter>Sources\stuff\Stream Functions</Filter>
    </ClCompile>
    <ClCompile Include="..\mclib\stuff\affinematrix_test.cpp">
      <Filter>Sources\stuff\tests</Filter>
    </ClCompile>
    <ClCompile Include="..\mclib\stuff\angle_test.cpp">
      <Filter>Sources\stuff\tests</Filter>
    </ClCompile>
    <ClCompile Include="..\mclib\stuff\chain_test.cpp">
      <Filter>Sources\stuff\tests</Filter>
    </ClCompile>
    <ClCompile Include="..\mclib\stuff\filestream_test.cpp">
      <Filter>Sources\stuff\tests</Filter>
    </ClCompile>
    <ClCompile Include="..\mclib\stuff\hash_test.cpp">
      <Filter>Sources\stuff\tests</Filter>
    </ClCompile>
    <ClCompile Include="..\mclib\stuff\linearmatrix_test.cpp">
      <Filter>Sources\stuff\tests</Filter>
    </ClCompile>
    <ClCompile Include="..\mclib\stuff\matrix_test.cpp">
      <Filter>Sources\stuff\tests</Filter>
    </ClCompile>
    <ClCompile Include="..\mclib\stuff\memoryblock_test.cpp">
      <Filter>Sources\stuff\tests</Filter>
    </ClCompile>
    <ClCompile Include="..\mclib\stuff\memorystream_test.cpp">
      <Filter>Sources\stuff\tests</Filter>
    </ClCompile>
    <ClCompile Include="..\mclib\stuff\mstring_test.cpp">
      <Filter>Sources\stuff\tests</Filter>
    </ClCompile>
    <ClCompile Include="..\mclib\stuff\namelist_test.cpp">
      <Filter>Sources\stuff\tests</Filter>
    </ClCompile>
    <ClCompile Include="..\mclib\stuff\normal_test.cpp">
      <Filter>Sources\stuff\tests</Filter>
    </ClCompile>
    <ClCompile Include="..\mclib\stuff\notationfile_test.cpp">
      <Filter>Sources\stuff\tests</Filter>
    </ClCompile>
    <ClCompile Include="..\mclib\stuff\origin_test.cpp">
      <Filter>Sources\stuff\tests</Filter>
    </ClCompile>
    <ClCompile Include="..\mclib\stuff\point3d_test.cpp">
      <Filter>Sources\stuff\tests</Filter>
    </ClCompile>
    <ClCompile Include="..\mclib\stuff\random_test.cpp">
      <Filter>Sources\stuff\tests</Filter>
    </ClCompile>
    <ClCompile Include="..\mclib\stuff\ray_test.cpp">
      <Filter>Sources\stuff\tests</Filter>
    </ClCompile>
    <ClCompile Include="..\mclib\stuff\rotation_test.cpp">
      <Filter>Sources\stuff\tests</Filter>
    </ClCompile>
    <ClCompile Include="..\mclib\stuff\safechain_test.cpp">
      <Filter>Sources\stuff\tests</Filter>
    </ClCompile>
    <ClCompile Include="..\mclib\stuff\sortedchain_test.cpp">
      <Filter>Sources\stuff\tests</Filter>
    </ClCompile>
    <ClCompile Include="..\mclib\stuff\table_test.cpp">
      <Filter>Sources\stuff\tests</Filter>
    </ClCompile>
    <ClCompile Include="..\mclib\stuff\tree_test.cpp">
      <Filter>Sources\stuff\tests</Filter>
    </ClCompile>
    <ClCompile Include="..\mclib\stuff\unitvector_test.cpp">
      <Filter>Sources\stuff\tests</Filter>
    </ClCompile>
    <ClCompile Include="..\mclib\stuff\vector3d_test.cpp">
      <Filter>Sources\stuff\tests</Filter>
    </ClCompile>
    <ClCompile Include="..\mclib\stuff\vector4d_test.cpp">
      <Filter>Sources\stuff\tests</Filter>
    </ClCompile>
    <ClCompile Include="..\pch\stdinc.cpp">
      <Filter>build\precompiled</Filter>
    </ClCompile>
    <ClCompile Include="..\mclib\stuff\stuffheaders.cpp">
      <Filter>build\precompiled</Filter>
    </ClCompile>
  </ItemGroup>
  <ItemGroup>
    <ClInclude Include="..\mclib\stuff\stuff.h">
      <Filter>Headers\stuff</Filter>
    </ClInclude>
    <ClInclude Include="..\mclib\stuff\armoroff.h">
      <Filter>Headers\stuff\Armor</Filter>
    </ClInclude>
    <ClInclude Include="..\mclib\stuff\armoron.h">
      <Filter>Headers\stuff\Armor</Filter>
    </ClInclude>
    <ClInclude Include="..\mclib\stuff\style.h">
      <Filter>Headers\stuff\Armor</Filter>
    </ClInclude>
    <ClInclude Include="..\mclib\stuff\trace.h">
      <Filter>Headers\stuff\Armor</Filter>
    </ClInclude>
    <ClInclude Include="..\mclib\stuff\affinematrix.h">
      <Filter>Headers\stuff\Math Library</Filter>
    </ClInclude>
    <ClInclude Include="..\mclib\stuff\angle.h">
      <Filter>Headers\stuff\Math Library</Filter>
    </ClInclude>
    <ClInclude Include="..\mclib\stuff\average.h">
      <Filter>Headers\stuff\Math Library</Filter>
    </ClInclude>
    <ClInclude Include="..\mclib\stuff\color.h">
      <Filter>Headers\stuff\Math Library</Filter>
    </ClInclude>
    <ClInclude Include="..\mclib\stuff\extentbox.h">
      <Filter>Headers\stuff\Math Library</Filter>
    </ClInclude>
    <ClInclude Include="..\mclib\stuff\line.h">
      <Filter>Headers\stuff\Math Library</Filter>
    </ClInclude>
    <ClInclude Include="..\mclib\stuff\linearmatrix.h">
      <Filter>Headers\stuff\Math Library</Filter>
    </ClInclude>
    <ClInclude Include="..\mclib\stuff\matrix.h">
      <Filter>Headers\stuff\Math Library</Filter>
    </ClInclude>
    <ClInclude Include="..\mclib\stuff\motion.h">
      <Filter>Headers\stuff\Math Library</Filter>
    </ClInclude>
    <ClInclude Include="..\mclib\stuff\normal.h">
      <Filter>Headers\stuff\Math Library</Filter>
    </ClInclude>
    <ClInclude Include="..\mclib\stuff\obb.h">
      <Filter>Headers\stuff\Math Library</Filter>
    </ClInclude>
    <ClInclude Include="..\mclib\stuff\origin.h">
      <Filter>Headers\stuff\Math Library</Filter>
    </ClInclude>
    <ClInclude Include="..\mclib\stuff\plane.h">
      <Filter>Headers\stuff\Math Library</Filter>
    </ClInclude>
    <ClInclude Include="..\mclib\stuff\point3d.h">
      <Filter>Headers\stuff\Math Library</Filter>
    </ClInclude>
    <ClInclude Include="..\mclib\stuff\polar.h">
      <Filter>Headers\stuff\Math Library</Filter>
    </ClInclude>
    <ClInclude Include="..\mclib\stuff\random.h">
      <Filter>Headers\stuff\Math Library</Filter>
    </ClInclude>
    <ClInclude Include="..\mclib\stuff\ray.h">
      <Filter>Headers\stuff\Math Library</Filter>
    </ClInclude>
    <ClInclude Include="..\mclib\stuff\rotation.h">
      <Filter>Headers\stuff\Math Library</Filter>
    </ClInclude>
    <ClInclude Include="..\mclib\stuff\scalar.h">
      <Filter>Headers\stuff\Math Library</Filter>
    </ClInclude>
    <ClInclude Include="..\mclib\stuff\sphere.h">
      <Filter>Headers\stuff\Math Library</Filter>
    </ClInclude>
    <ClInclude Include="..\mclib\stuff\unitvector.h">
      <Filter>Headers\stuff\Math Library</Filter>
    </ClInclude>
    <ClInclude Include="..\mclib\stuff\vector2d.h">
      <Filter>Headers\stuff\Math Library</Filter>
    </ClInclude>
    <ClInclude Include="..\mclib\stuff\vector3d.h">
      <Filter>Headers\stuff\Math Library</Filter>
    </ClInclude>
    <ClInclude Include="..\mclib\stuff\vector4d.h">
      <Filter>Headers\stuff\Math Library</Filter>
    </ClInclude>
    <ClInclude Include="..\mclib\stuff\plug.h">
      <Filter>Headers\stuff\Connection Engine</Filter>
    </ClInclude>
    <ClInclude Include="..\mclib\stuff\registeredclass.h">
      <Filter>Headers\stuff\Connection Engine</Filter>
    </ClInclude>
    <ClInclude Include="..\mclib\stuff\safechain.h">
      <Filter>Headers\stuff\Connection Engine</Filter>
    </ClInclude>
    <ClInclude Include="..\mclib\stuff\safesocket.h">
      <Filter>Headers\stuff\Connection Engine</Filter>
    </ClInclude>
    <ClInclude Include="..\mclib\stuff\slot.h">
      <Filter>Headers\stuff\Connection Engine</Filter>
    </ClInclude>
    <ClInclude Include="..\mclib\stuff\socket.h">
      <Filter>Headers\stuff\Connection Engine</Filter>
    </ClInclude>
    <ClInclude Include="..\mclib\stuff\notationfile.h">
      <Filter>Headers\stuff\Stream Functions</Filter>
    </ClInclude>
    <ClInclude Include="..\mclib\stuff\note.h">
      <Filter>Headers\stuff\Stream Functions</Filter>
    </ClInclude>
    <ClInclude Include="..\mclib\stuff\page.h">
      <Filter>Headers\stuff\Stream Functions</Filter>
    </ClInclude>
    <ClInclude Include="..\include\mechclassids.h">
      <Filter>Headers\common</Filter>
    </ClInclude>
    <ClInclude Include="..\include\mechresources.h">
      <Filter>Headers\common</Filter>
    </ClInclude>
    <ClInclude Include="..\include\mechtypes.h">
      <Filter>Headers\common</Filter>
    </ClInclude>
    <ClInclude Include="..\pch\stdinc.h">
      <Filter>build\precompiled</Filter>
    </ClInclude>
    <ClInclude Include="..\mclib\stuff\stuffheaders.h">
      <Filter>build\precompiled</Filter>
    </ClInclude>
  </ItemGroup>
</Project>