<?xml version="1.0" encoding="utf-8"?>
<Project ToolsVersion="4.0" xmlns="http://schemas.microsoft.com/developer/msbuild/2003">
  <ItemGroup>
    <Filter Include="Sources">
      <UniqueIdentifier>{4FC737F1-C7A5-4376-A066-2A32D752A2FF}</UniqueIdentifier>
      <Extensions>cpp;c;cc;cxx;def;odl;idl;hpj;bat;asm;asmx</Extensions>
    </Filter>
    <Filter Include="Sources\gameos">
      <UniqueIdentifier>{8a4aa02a-1eb6-4f49-9f0b-4779e75ef83b}</UniqueIdentifier>
    </Filter>
    <Filter Include="Sources\startup">
      <UniqueIdentifier>{4781f468-ba49-4d85-937f-60b4933cd283}</UniqueIdentifier>
    </Filter>
    <Filter Include="Sources\raw pseudo c">
      <UniqueIdentifier>{537a032c-674f-406d-a14f-3ca9f9243c6e}</UniqueIdentifier>
    </Filter>
    <Filter Include="Headers">
      <UniqueIdentifier>{93995380-89BD-4b04-88EB-625FBE52EBFB}</UniqueIdentifier>
      <Extensions>h;hh;hpp;hxx;hm;inl;inc;xsd</Extensions>
    </Filter>
    <Filter Include="Headers\gameos">
      <UniqueIdentifier>{e9b8661f-969b-4a6b-afaa-5c90417b8cef}</UniqueIdentifier>
    </Filter>
    <Filter Include="Headers\xnamath">
      <UniqueIdentifier>{c45ad5e6-e492-454b-9cc1-b2a061994824}</UniqueIdentifier>
    </Filter>
    <Filter Include="Resources">
      <UniqueIdentifier>{67DA6AB6-F800-4c08-8B7A-83BB121AAD01}</UniqueIdentifier>
      <Extensions>rc;ico;cur;bmp;dlg;rc2;rct;bin;rgs;gif;jpg;jpeg;jpe;resx;tiff;tif;png;wav;mfcribbon-ms</Extensions>
    </Filter>
    <Filter Include="Resources\gameos">
      <UniqueIdentifier>{8e541321-3425-43e5-a976-95a07afd7027}</UniqueIdentifier>
    </Filter>
    <Filter Include="Resources\Registryscripts">
      <UniqueIdentifier>{66e8587b-7390-410d-a067-aaddb29457fc}</UniqueIdentifier>
    </Filter>
    <Filter Include="build">
      <UniqueIdentifier>{acf5e325-2dd5-458e-a57a-dc09151dc408}</UniqueIdentifier>
    </Filter>
    <Filter Include="build\WinDDK">
      <UniqueIdentifier>{99cadae1-6ec8-4314-9e12-464444d44696}</UniqueIdentifier>
    </Filter>
    <Filter Include="build\precompiled">
      <UniqueIdentifier>{328388c7-c4ff-4ade-884d-6a80ec269069}</UniqueIdentifier>
    </Filter>
    <Filter Include="build\DLL">
      <UniqueIdentifier>{710fb564-6c56-45a3-b1ef-2e5e9a5fa25a}</UniqueIdentifier>
    </Filter>
    <Filter Include="Headers\common">
      <UniqueIdentifier>{1e186baf-b20e-4a41-986b-3d3be5bb957e}</UniqueIdentifier>
    </Filter>
    <Filter Include="Headers\zlib">
      <UniqueIdentifier>{d029d258-3955-4d82-a36c-dd40be3bd582}</UniqueIdentifier>
    </Filter>
  </ItemGroup>
  <ItemGroup>
    <ClCompile Include="..\gameos\src\3d_tl.cpp">
      <Filter>Sources\gameos</Filter>
    </ClCompile>
    <ClCompile Include="..\gameos\src\3dprimitives.cpp">
      <Filter>Sources\gameos</Filter>
    </ClCompile>
    <ClCompile Include="..\gameos\src\3drasterizer.cpp">
      <Filter>Sources\gameos</Filter>
    </ClCompile>
    <ClCompile Include="..\gameos\src\acm.cpp">
      <Filter>Sources\gameos</Filter>
    </ClCompile>
    <ClCompile Include="..\gameos\src\clipping.cpp">
      <Filter>Sources\gameos</Filter>
    </ClCompile>
    <ClCompile Include="..\gameos\src\controlmanager.cpp">
      <Filter>Sources\gameos</Filter>
    </ClCompile>
    <ClCompile Include="..\gameos\src\cpu.cpp">
      <Filter>Sources\gameos</Filter>
    </ClCompile>
    <ClCompile Include="..\gameos\src\debugger.cpp">
      <Filter>Sources\gameos</Filter>
    </ClCompile>
    <ClCompile Include="..\gameos\src\debuggraphs.cpp">
      <Filter>Sources\gameos</Filter>
    </ClCompile>
    <ClCompile Include="..\gameos\src\debuggui.cpp">
      <Filter>Sources\gameos</Filter>
    </ClCompile>
    <ClCompile Include="..\gameos\src\debugmenus.cpp">
      <Filter>Sources\gameos</Filter>
    </ClCompile>
    <ClCompile Include="..\gameos\src\direct3d.cpp">
      <Filter>Sources\gameos</Filter>
    </ClCompile>
    <ClCompile Include="..\gameos\src\directdraw.cpp">
      <Filter>Sources\gameos</Filter>
    </ClCompile>
    <ClCompile Include="..\gameos\src\directinput.cpp">
      <Filter>Sources\gameos</Filter>
    </ClCompile>
    <ClCompile Include="..\gameos\src\directplay.cpp">
      <Filter>Sources\gameos</Filter>
    </ClCompile>
    <ClCompile Include="..\gameos\src\directshow.cpp">
      <Filter>Sources\gameos</Filter>
    </ClCompile>
    <ClCompile Include="..\gameos\src\directsound.cpp">
      <Filter>Sources\gameos</Filter>
    </ClCompile>
    <ClCompile Include="..\gameos\src\directx.cpp">
      <Filter>Sources\gameos</Filter>
    </ClCompile>
    <ClCompile Include="..\gameos\src\directxdebugging.cpp">
      <Filter>Sources\gameos</Filter>
    </ClCompile>
    <ClCompile Include="..\gameos\src\directxerrors.cpp">
      <Filter>Sources\gameos</Filter>
    </ClCompile>
    <ClCompile Include="..\gameos\src\dirtyrectangle.cpp">
      <Filter>Sources\gameos</Filter>
    </ClCompile>
    <ClCompile Include="..\gameos\src\dxrasterizer.cpp">
      <Filter>Sources\gameos</Filter>
    </ClCompile>
    <ClCompile Include="..\gameos\src\errordialogs.cpp">
      <Filter>Sources\gameos</Filter>
    </ClCompile>
    <ClCompile Include="..\gameos\src\errorhandler.cpp">
      <Filter>Sources\gameos</Filter>
    </ClCompile>
    <ClCompile Include="..\gameos\src\eventid.cpp">
      <Filter>Sources\gameos</Filter>
    </ClCompile>
    <ClCompile Include="..\gameos\src\exceptions.cpp">
      <Filter>Sources\gameos</Filter>
    </ClCompile>
    <ClCompile Include="..\gameos\src\exitgameos.cpp">
      <Filter>Sources\gameos</Filter>
    </ClCompile>
    <ClCompile Include="..\gameos\src\ezvector.cpp">
      <Filter>Sources\gameos</Filter>
    </ClCompile>
    <ClCompile Include="..\gameos\src\fileio.cpp">
      <Filter>Sources\gameos</Filter>
    </ClCompile>
    <ClCompile Include="..\gameos\src\font3d.cpp">
      <Filter>Sources\gameos</Filter>
    </ClCompile>
    <ClCompile Include="..\gameos\src\font3d_dbcs.cpp">
      <Filter>Sources\gameos</Filter>
    </ClCompile>
    <ClCompile Include="..\gameos\src\font3d_dbcs_storage.cpp">
      <Filter>Sources\gameos</Filter>
    </ClCompile>
    <ClCompile Include="..\gameos\src\font3d_dbcs_surface.cpp">
      <Filter>Sources\gameos</Filter>
    </ClCompile>
    <ClCompile Include="..\gameos\src\font3d_load.cpp">
      <Filter>Sources\gameos</Filter>
    </ClCompile>
    <ClCompile Include="..\gameos\src\forcefeedback.cpp">
      <Filter>Sources\gameos</Filter>
    </ClCompile>
    <ClCompile Include="..\gameos\src\games_gun.cpp">
      <Filter>Sources\gameos</Filter>
    </ClCompile>
    <ClCompile Include="..\gameos\src\games_lan.cpp">
      <Filter>Sources\gameos</Filter>
    </ClCompile>
    <ClCompile Include="..\gameos\src\globals.cpp">
      <Filter>Sources\gameos</Filter>
    </ClCompile>
    <ClCompile Include="..\gameos\src\goslog.cpp">
      <Filter>Sources\gameos</Filter>
    </ClCompile>
    <ClCompile Include="..\gameos\src\guids.cpp">
      <Filter>Sources\gameos</Filter>
    </ClCompile>
    <ClCompile Include="..\gameos\src\gungamelist.cpp">
      <Filter>Sources\gameos</Filter>
    </ClCompile>
    <ClCompile Include="..\gameos\src\gvserver.cpp">
      <Filter>Sources\gameos</Filter>
    </ClCompile>
    <ClCompile Include="..\gameos\src\imagehlp.cpp">
      <Filter>Sources\gameos</Filter>
    </ClCompile>
    <ClCompile Include="..\gameos\src\infblock.cpp">
      <Filter>Sources\gameos</Filter>
    </ClCompile>
    <ClCompile Include="..\gameos\src\infcodes.cpp">
      <Filter>Sources\gameos</Filter>
    </ClCompile>
    <ClCompile Include="..\gameos\src\infutil.cpp">
      <Filter>Sources\gameos</Filter>
    </ClCompile>
    <ClCompile Include="..\gameos\src\keyboard.cpp">
      <Filter>Sources\gameos</Filter>
    </ClCompile>
    <ClCompile Include="..\gameos\src\libraries.cpp">
      <Filter>Sources\gameos</Filter>
    </ClCompile>
    <ClCompile Include="..\gameos\src\loader_bmp.cpp">
      <Filter>Sources\gameos</Filter>
    </ClCompile>
    <ClCompile Include="..\gameos\src\loader_jpg.cpp">
      <Filter>Sources\gameos</Filter>
    </ClCompile>
    <ClCompile Include="..\gameos\src\loader_png.cpp">
      <Filter>Sources\gameos</Filter>
    </ClCompile>
    <ClCompile Include="..\gameos\src\loader_tga.cpp">
      <Filter>Sources\gameos</Filter>
    </ClCompile>
    <ClCompile Include="..\gameos\src\localizationmanager.cpp">
      <Filter>Sources\gameos</Filter>
    </ClCompile>
    <ClCompile Include="..\gameos\src\logfile.cpp">
      <Filter>Sources\gameos</Filter>
    </ClCompile>
    <ClCompile Include="..\gameos\src\machinedetails.cpp">
      <Filter>Sources\gameos</Filter>
    </ClCompile>
    <ClCompile Include="..\gameos\src\mail.cpp">
      <Filter>Sources\gameos</Filter>
    </ClCompile>
    <ClCompile Include="..\gameos\src\memorymanager.cpp">
      <Filter>Sources\gameos</Filter>
    </ClCompile>
    <ClCompile Include="..\gameos\src\mouse.cpp">
      <Filter>Sources\gameos</Filter>
    </ClCompile>
    <ClCompile Include="..\gameos\src\music.cpp">
      <Filter>Sources\gameos</Filter>
    </ClCompile>
    <ClCompile Include="..\gameos\src\net_globals.cpp">
      <Filter>Sources\gameos</Filter>
    </ClCompile>
    <ClCompile Include="..\gameos\src\net_main.cpp">
      <Filter>Sources\gameos</Filter>
    </ClCompile>
    <ClCompile Include="..\gameos\src\net_packet.cpp">
      <Filter>Sources\gameos</Filter>
    </ClCompile>
    <ClCompile Include="..\gameos\src\net_protocol.cpp">
      <Filter>Sources\gameos</Filter>
    </ClCompile>
    <ClCompile Include="..\gameos\src\net_routines.cpp">
      <Filter>Sources\gameos</Filter>
    </ClCompile>
    <ClCompile Include="..\gameos\src\net_threads.cpp">
      <Filter>Sources\gameos</Filter>
    </ClCompile>
    <ClCompile Include="..\gameos\src\nglog_mark.cpp">
      <Filter>Sources\gameos</Filter>
    </ClCompile>
    <ClCompile Include="..\gameos\src\perf.cpp">
      <Filter>Sources\gameos</Filter>
    </ClCompile>
    <ClCompile Include="..\gameos\src\profiler.cpp">
      <Filter>Sources\gameos</Filter>
    </ClCompile>
    <ClCompile Include="..\gameos\src\raid.cpp">
      <Filter>Sources\gameos</Filter>
    </ClCompile>
    <ClCompile Include="..\gameos\src\registry.cpp">
      <Filter>Sources\gameos</Filter>
    </ClCompile>
    <ClCompile Include="..\gameos\src\renderime.cpp">
      <Filter>Sources\gameos</Filter>
    </ClCompile>
    <ClCompile Include="..\gameos\src\renderstates.cpp">
      <Filter>Sources\gameos</Filter>
    </ClCompile>
    <ClCompile Include="..\gameos\src\rendertotexture.cpp">
      <Filter>Sources\gameos</Filter>
    </ClCompile>
    <ClCompile Include="..\gameos\src\sound_api.cpp">
      <Filter>Sources\gameos</Filter>
    </ClCompile>
    <ClCompile Include="..\gameos\src\sound_ds3dchannel.cpp">
      <Filter>Sources\gameos</Filter>
    </ClCompile>
    <ClCompile Include="..\gameos\src\sound_ds3dmixer.cpp">
      <Filter>Sources\gameos</Filter>
    </ClCompile>
    <ClCompile Include="..\gameos\src\sound_renderer.cpp">
      <Filter>Sources\gameos</Filter>
    </ClCompile>
    <ClCompile Include="..\gameos\src\sound_resource.cpp">
      <Filter>Sources\gameos</Filter>
    </ClCompile>
    <ClCompile Include="..\gameos\src\spew.cpp">
      <Filter>Sources\gameos</Filter>
    </ClCompile>
    <ClCompile Include="..\gameos\src\texture_api.cpp">
      <Filter>Sources\gameos</Filter>
    </ClCompile>
    <ClCompile Include="..\gameos\src\texture_convert.cpp">
      <Filter>Sources\gameos</Filter>
    </ClCompile>
    <ClCompile Include="..\gameos\src\texture_create.cpp">
      <Filter>Sources\gameos</Filter>
    </ClCompile>
    <ClCompile Include="..\gameos\src\texture_format.cpp">
      <Filter>Sources\gameos</Filter>
    </ClCompile>
    <ClCompile Include="..\gameos\src\texture_manager.cpp">
      <Filter>Sources\gameos</Filter>
    </ClCompile>
    <ClCompile Include="..\gameos\src\texture_mipmap.cpp">
      <Filter>Sources\gameos</Filter>
    </ClCompile>
    <ClCompile Include="..\gameos\src\texture_original.cpp">
      <Filter>Sources\gameos</Filter>
    </ClCompile>
    <ClCompile Include="..\gameos\src\texture_sysmem.cpp">
      <Filter>Sources\gameos</Filter>
    </ClCompile>
    <ClCompile Include="..\gameos\src\texture_update.cpp">
      <Filter>Sources\gameos</Filter>
    </ClCompile>
    <ClCompile Include="..\gameos\src\texture_vidmem.cpp">
      <Filter>Sources\gameos</Filter>
    </ClCompile>
    <ClCompile Include="..\gameos\src\threads.cpp">
      <Filter>Sources\gameos</Filter>
    </ClCompile>
    <ClCompile Include="..\gameos\src\thunkdlls.cpp">
      <Filter>Sources\gameos</Filter>
    </ClCompile>
    <ClCompile Include="..\gameos\src\time.cpp">
      <Filter>Sources\gameos</Filter>
    </ClCompile>
    <ClCompile Include="..\gameos\src\userinterface.cpp">
      <Filter>Sources\gameos</Filter>
    </ClCompile>
    <ClCompile Include="..\gameos\src\vertexbuffer.cpp">
      <Filter>Sources\gameos</Filter>
    </ClCompile>
    <ClCompile Include="..\gameos\src\videocard.cpp">
      <Filter>Sources\gameos</Filter>
    </ClCompile>
    <ClCompile Include="..\gameos\src\videoplayback.cpp">
      <Filter>Sources\gameos</Filter>
    </ClCompile>
    <ClCompile Include="..\gameos\src\windows.cpp">
      <Filter>Sources\gameos</Filter>
    </ClCompile>
    <ClCompile Include="..\gameos\src\windowsdebugging.cpp">
      <Filter>Sources\gameos</Filter>
    </ClCompile>
    <ClCompile Include="..\gameos\src\winmain.cpp">
      <Filter>Sources\gameos</Filter>
    </ClCompile>
    <ClCompile Include="..\gameos\src\winproc.cpp">
      <Filter>Sources\gameos</Filter>
    </ClCompile>
    <ClCompile Include="..\gameos\src\zping.cpp">
      <Filter>Sources\gameos</Filter>
    </ClCompile>
    <ClCompile Include="..\gameos\src\startup\dllplatform.cpp">
      <Filter>Sources\startup</Filter>
    </ClCompile>
    <ClCompile Include="..\gameos\src\startup\gameplatform.cpp">
      <Filter>Sources\startup</Filter>
    </ClCompile>
    <ClCompile Include="..\gameos\src\startup\mfcplatform.cpp">
      <Filter>Sources\startup</Filter>
    </ClCompile>
    <ClCompile Include="..\gameos\lib\x86\gameos\3d_tl.c">
      <Filter>Sources\raw pseudo c</Filter>
    </ClCompile>
    <ClCompile Include="..\gameos\lib\x86\gameos\3dprimitives.c">
      <Filter>Sources\raw pseudo c</Filter>
    </ClCompile>
    <ClCompile Include="..\gameos\lib\x86\gameos\3drasterizer.c">
      <Filter>Sources\raw pseudo c</Filter>
    </ClCompile>
    <ClCompile Include="..\gameos\lib\x86\gameos\acm.c">
      <Filter>Sources\raw pseudo c</Filter>
    </ClCompile>
    <ClCompile Include="..\gameos\lib\x86\gameos\clipping.c">
      <Filter>Sources\raw pseudo c</Filter>
    </ClCompile>
    <ClCompile Include="..\gameos\lib\x86\gameos\controlmanager.c">
      <Filter>Sources\raw pseudo c</Filter>
    </ClCompile>
    <ClCompile Include="..\gameos\lib\x86\gameos\direct3d.c">
      <Filter>Sources\raw pseudo c</Filter>
    </ClCompile>
    <ClCompile Include="..\gameos\lib\x86\gameos\directdraw.c">
      <Filter>Sources\raw pseudo c</Filter>
    </ClCompile>
    <ClCompile Include="..\gameos\lib\x86\gameos\winmain.c">
      <Filter>Sources\raw pseudo c</Filter>
    </ClCompile>
    <ClCompile Include="..\pch\stdinc.cpp">
      <Filter>build\precompiled</Filter>
    </ClCompile>
    <ClCompile Include="..\gameos\lib\x86\gameos\winproc.c">
      <Filter>Sources\raw pseudo c</Filter>
    </ClCompile>
    <ClCompile Include="..\gameos\lib\x86\gameos\windowsdebugging.c">
      <Filter>Sources\raw pseudo c</Filter>
    </ClCompile>
    <ClCompile Include="..\gameos\lib\x86\gameos\windows.c">
      <Filter>Sources\raw pseudo c</Filter>
    </ClCompile>
    <ClCompile Include="..\gameos\lib\x86\gameos\memorymanager.c">
      <Filter>Sources\raw pseudo c</Filter>
    </ClCompile>
    <ClCompile Include="..\gameos\lib\x86\gameos\libraries.c">
      <Filter>Sources\raw pseudo c</Filter>
    </ClCompile>
    <ClCompile Include="..\gameos\lib\x86\gameos\directx.c">
      <Filter>Sources\raw pseudo c</Filter>
    </ClCompile>
    <ClCompile Include="..\gameos\lib\x86\gameos\directinput.c">
      <Filter>Sources\raw pseudo c</Filter>
    </ClCompile>
    <ClCompile Include="..\gameos\lib\x86\gameos\debugger.c">
      <Filter>Sources\raw pseudo c</Filter>
    </ClCompile>
    <ClCompile Include="..\gameos\lib\x86\gameos\cpu.c">
      <Filter>Sources\raw pseudo c</Filter>
    </ClCompile>
  </ItemGroup>
  <ItemGroup>
    <ClInclude Include="..\gameos\include\acm.hpp">
      <Filter>Headers\gameos</Filter>
    </ClInclude>
    <ClInclude Include="..\gameos\include\controlmanager.hpp">
      <Filter>Headers\gameos</Filter>
    </ClInclude>
    <ClInclude Include="..\gameos\include\datestamp.hpp">
      <Filter>Headers\gameos</Filter>
    </ClInclude>
    <ClInclude Include="..\gameos\include\debugger.hpp">
      <Filter>Headers\gameos</Filter>
    </ClInclude>
    <ClInclude Include="..\gameos\include\debuggui.hpp">
      <Filter>Headers\gameos</Filter>
    </ClInclude>
    <ClInclude Include="..\gameos\include\debuginterface.hpp">
      <Filter>Headers\gameos</Filter>
    </ClInclude>
    <ClInclude Include="..\gameos\include\directx.hpp">
      <Filter>Headers\gameos</Filter>
    </ClInclude>
    <ClInclude Include="..\gameos\include\directxdebugging.hpp">
      <Filter>Headers\gameos</Filter>
    </ClInclude>
    <ClInclude Include="..\gameos\include\dllplatform.hpp">
      <Filter>Headers\gameos</Filter>
    </ClInclude>
    <ClInclude Include="..\gameos\include\dxrasterizer.hpp">
      <Filter>Headers\gameos</Filter>
    </ClInclude>
    <ClInclude Include="..\gameos\include\errorhandler.hpp">
      <Filter>Headers\gameos</Filter>
    </ClInclude>
    <ClInclude Include="..\gameos\include\eventid.hpp">
      <Filter>Headers\gameos</Filter>
    </ClInclude>
    <ClInclude Include="..\gameos\include\ezvector.hpp">
      <Filter>Headers\gameos</Filter>
    </ClInclude>
    <ClInclude Include="..\gameos\include\fileio.hpp">
      <Filter>Headers\gameos</Filter>
    </ClInclude>
    <ClInclude Include="..\gameos\include\filestream.hpp">
      <Filter>Headers\gameos</Filter>
    </ClInclude>
    <ClInclude Include="..\gameos\include\filetransfer.hpp">
      <Filter>Headers\gameos</Filter>
    </ClInclude>
    <ClInclude Include="..\gameos\include\flinkedlist.hpp">
      <Filter>Headers\gameos</Filter>
    </ClInclude>
    <ClInclude Include="..\gameos\include\font3d.hpp">
      <Filter>Headers\gameos</Filter>
    </ClInclude>
    <ClInclude Include="..\gameos\include\font3d_dbcs_storage.hpp">
      <Filter>Headers\gameos</Filter>
    </ClInclude>
    <ClInclude Include="..\gameos\include\font3d_dbcs_surface.hpp">
      <Filter>Headers\gameos</Filter>
    </ClInclude>
    <ClInclude Include="..\gameos\include\forcefeedback.hpp">
      <Filter>Headers\gameos</Filter>
    </ClInclude>
    <ClInclude Include="..\gameos\include\gameos.hpp">
      <Filter>Headers\gameos</Filter>
    </ClInclude>
    <ClInclude Include="..\gameos\include\globals.hpp">
      <Filter>Headers\gameos</Filter>
    </ClInclude>
    <ClInclude Include="..\gameos\include\gungamelist.h">
      <Filter>Headers\gameos</Filter>
    </ClInclude>
    <ClInclude Include="..\gameos\include\hash.h">
      <Filter>Headers\gameos</Filter>
    </ClInclude>
    <ClInclude Include="..\gameos\include\language.h">
      <Filter>Headers\gameos</Filter>
    </ClInclude>
    <ClInclude Include="..\gameos\include\linkedlist.hpp">
      <Filter>Headers\gameos</Filter>
    </ClInclude>
    <ClInclude Include="..\gameos\include\localizationmanager.hpp">
      <Filter>Headers\gameos</Filter>
    </ClInclude>
    <ClInclude Include="..\gameos\include\memorymanager.hpp">
      <Filter>Headers\gameos</Filter>
    </ClInclude>
    <ClInclude Include="..\gameos\include\mfcplatform.hpp">
      <Filter>Headers\gameos</Filter>
    </ClInclude>
    <ClInclude Include="..\gameos\include\music.hpp">
      <Filter>Headers\gameos</Filter>
    </ClInclude>
    <ClInclude Include="..\gameos\include\net.hpp">
      <Filter>Headers\gameos</Filter>
    </ClInclude>
    <ClInclude Include="..\gameos\include\net_header.hpp">
      <Filter>Headers\gameos</Filter>
    </ClInclude>
    <ClInclude Include="..\gameos\include\netgroup.hpp">
      <Filter>Headers\gameos</Filter>
    </ClInclude>
    <ClInclude Include="..\gameos\include\netplayer.hpp">
      <Filter>Headers\gameos</Filter>
    </ClInclude>
    <ClInclude Include="..\gameos\include\network.hpp">
      <Filter>Headers\gameos</Filter>
    </ClInclude>
    <ClInclude Include="..\gameos\include\networking.hpp">
      <Filter>Headers\gameos</Filter>
    </ClInclude>
    <ClInclude Include="..\gameos\include\networkingglobals.hpp">
      <Filter>Headers\gameos</Filter>
    </ClInclude>
    <ClInclude Include="..\gameos\include\networklobby.hpp">
      <Filter>Headers\gameos</Filter>
    </ClInclude>
    <ClInclude Include="..\gameos\include\networkmessages.hpp">
      <Filter>Headers\gameos</Filter>
    </ClInclude>
    <ClInclude Include="..\gameos\include\pch.hpp">
      <Filter>Headers\gameos</Filter>
    </ClInclude>
    <ClInclude Include="..\gameos\include\perf.h">
      <Filter>Headers\gameos</Filter>
    </ClInclude>
    <ClInclude Include="..\gameos\include\platform.hpp">
      <Filter>Headers\gameos</Filter>
    </ClInclude>
    <ClInclude Include="..\gameos\include\profiler.hpp">
      <Filter>Headers\gameos</Filter>
    </ClInclude>
    <ClInclude Include="..\gameos\include\registry.hpp">
      <Filter>Headers\gameos</Filter>
    </ClInclude>
    <ClInclude Include="..\gameos\include\session.hpp">
      <Filter>Headers\gameos</Filter>
    </ClInclude>
    <ClInclude Include="..\gameos\include\sessionmanager.hpp">
      <Filter>Headers\gameos</Filter>
    </ClInclude>
    <ClInclude Include="..\gameos\include\sound_channel.hpp">
      <Filter>Headers\gameos</Filter>
    </ClInclude>
    <ClInclude Include="..\gameos\include\sound_ds3dchannel.hpp">
      <Filter>Headers\gameos</Filter>
    </ClInclude>
    <ClInclude Include="..\gameos\include\sound_ds3dmixer.hpp">
      <Filter>Headers\gameos</Filter>
    </ClInclude>
    <ClInclude Include="..\gameos\include\sound_mixer.hpp">
      <Filter>Headers\gameos</Filter>
    </ClInclude>
    <ClInclude Include="..\gameos\include\sound_renderer.hpp">
      <Filter>Headers\gameos</Filter>
    </ClInclude>
    <ClInclude Include="..\gameos\include\sound_resource.hpp">
      <Filter>Headers\gameos</Filter>
    </ClInclude>
    <ClInclude Include="..\gameos\include\string.hpp">
      <Filter>Headers\gameos</Filter>
    </ClInclude>
    <ClInclude Include="..\gameos\include\texture_manager.hpp">
      <Filter>Headers\gameos</Filter>
    </ClInclude>
    <ClInclude Include="..\gameos\include\time.hpp">
      <Filter>Headers\gameos</Filter>
    </ClInclude>
    <ClInclude Include="..\gameos\include\toolos.hpp">
      <Filter>Headers\gameos</Filter>
    </ClInclude>
    <ClInclude Include="..\gameos\include\videoplayback.hpp">
      <Filter>Headers\gameos</Filter>
    </ClInclude>
    <ClInclude Include="..\gameos\include\windows.hpp">
      <Filter>Headers\gameos</Filter>
    </ClInclude>
    <ClInclude Include="..\gameos\include\winproc.hpp">
      <Filter>Headers\gameos</Filter>
    </ClInclude>
    <ClInclude Include="..\gameos\include\zping.h">
      <Filter>Headers\gameos</Filter>
    </ClInclude>
    <ClInclude Include="..\pch\stdinc.h">
      <Filter>build\precompiled</Filter>
    </ClInclude>
    <ClInclude Include="..\gameos\include\3drasterizer.hpp">
      <Filter>Headers\gameos</Filter>
    </ClInclude>
    <ClInclude Include="..\include\dplay.h">
      <Filter>Headers\common</Filter>
    </ClInclude>
    <ClInclude Include="..\include\mechresources.h">
      <Filter>Headers\common</Filter>
    </ClInclude>
    <ClInclude Include="..\include\mechtypes.h">
      <Filter>Headers\common</Filter>
    </ClInclude>
    <ClInclude Include="..\gameos\lib\x86\gameos\idaref.h">
      <Filter>Sources\raw pseudo c</Filter>
    </ClInclude>
  </ItemGroup>
</Project>