<?xml version="1.0" encoding="utf-8"?>
<Project ToolsVersion="4.0" xmlns="http://schemas.microsoft.com/developer/msbuild/2003">
  <ItemGroup>
    <Filter Include="Sources">
      <UniqueIdentifier>{4FC737F1-C7A5-4376-A066-2A32D752A2FF}</UniqueIdentifier>
      <Extensions>cpp;c;cc;cxx;def;odl;idl;hpj;bat;asm;asmx</Extensions>
    </Filter>
    <Filter Include="Sources\mlr">
      <UniqueIdentifier>{8ff19a61-a734-4779-87b6-a0b98cdc8621}</UniqueIdentifier>
    </Filter>
    <Filter Include="Sources\mlr\Geometries">
      <UniqueIdentifier>{173124ca-6497-453f-a567-f945c15ad19e}</UniqueIdentifier>
    </Filter>
    <Filter Include="Sources\mlr\Geometries\Indexed Polygon Meshes">
      <UniqueIdentifier>{05f2b599-ccd9-4617-b188-e46454626f75}</UniqueIdentifier>
    </Filter>
    <Filter Include="Sources\mlr\Geometries\Indexed Triangle Meshes">
      <UniqueIdentifier>{24aad790-5b22-4d13-9a31-1f65e13e58ec}</UniqueIdentifier>
    </Filter>
    <Filter Include="Sources\mlr\Geometries\Terrain">
      <UniqueIdentifier>{b281d132-d28c-4aaa-89c0-19805982d0e2}</UniqueIdentifier>
    </Filter>
    <Filter Include="Sources\mlr\Lighting">
      <UniqueIdentifier>{cb768cec-a3f2-4ba7-90d8-4bf86ee98909}</UniqueIdentifier>
    </Filter>
    <Filter Include="Sources\mlr\Sorting">
      <UniqueIdentifier>{b7fd86e9-4d61-466e-ba8f-30b720f33773}</UniqueIdentifier>
    </Filter>
    <Filter Include="Sources\mlr\Texture">
      <UniqueIdentifier>{1eaaee93-cee0-43ae-9a2e-7e7a83096fef}</UniqueIdentifier>
    </Filter>
    <Filter Include="Sources\mlr\Rasterizer">
      <UniqueIdentifier>{a61721c9-7e4c-4564-815c-7f60f78e40f6}</UniqueIdentifier>
    </Filter>
    <Filter Include="Sources\mlr\Clipping">
      <UniqueIdentifier>{96c86d4a-3d15-4cb9-9f52-5eff599bb3d2}</UniqueIdentifier>
    </Filter>
    <Filter Include="Sources\mlr\Effects">
      <UniqueIdentifier>{d48154ad-63c2-4300-b339-8d53fcb80d88}</UniqueIdentifier>
    </Filter>
    <Filter Include="Sources\extra">
      <UniqueIdentifier>{f3126f18-3fd1-4c6f-9cb6-c44e257d8833}</UniqueIdentifier>
    </Filter>
    <Filter Include="Headers">
      <UniqueIdentifier>{93995380-89BD-4b04-88EB-625FBE52EBFB}</UniqueIdentifier>
      <Extensions>h;hh;hpp;hxx;hm;inl;inc;xsd</Extensions>
    </Filter>
    <Filter Include="Headers\mlr">
      <UniqueIdentifier>{863bdefa-8392-461a-94fc-f1f2558a9b2f}</UniqueIdentifier>
    </Filter>
    <Filter Include="Headers\mlr\Geometries">
      <UniqueIdentifier>{4a06d58b-37cc-47e5-a1a6-899fb3b43367}</UniqueIdentifier>
    </Filter>
    <Filter Include="Headers\mlr\Geometries\Indexed Polygon Meshes">
      <UniqueIdentifier>{23766f00-9ead-4958-80cc-4713498e71bb}</UniqueIdentifier>
    </Filter>
    <Filter Include="Headers\mlr\Geometries\Indexed Triangle Meshes">
      <UniqueIdentifier>{88f4be7f-af44-4f6c-81b5-1bb5d2838d0a}</UniqueIdentifier>
    </Filter>
    <Filter Include="Headers\mlr\Geometries\Terrain">
      <UniqueIdentifier>{349682ff-95a1-47b0-a78f-8d9147ea1450}</UniqueIdentifier>
    </Filter>
    <Filter Include="Headers\mlr\Lighting">
      <UniqueIdentifier>{e1be152b-8331-4821-aee9-c0eaa4990d80}</UniqueIdentifier>
    </Filter>
    <Filter Include="Headers\mlr\Sorting">
      <UniqueIdentifier>{9b11cfeb-cf6b-4fba-8265-e59db9b6e605}</UniqueIdentifier>
    </Filter>
    <Filter Include="Headers\mlr\Texture">
      <UniqueIdentifier>{e32afe45-9906-4e7d-8a50-33b709ffa58d}</UniqueIdentifier>
    </Filter>
    <Filter Include="Headers\mlr\Rasterizer">
      <UniqueIdentifier>{c738c288-9cc1-45ca-9cf3-6358fdcf95cb}</UniqueIdentifier>
    </Filter>
    <Filter Include="Headers\mlr\Clipping">
      <UniqueIdentifier>{a9661ecd-5fe7-4512-8934-890948ca3016}</UniqueIdentifier>
    </Filter>
    <Filter Include="Headers\mlr\Effects">
      <UniqueIdentifier>{a08e6a49-9e4d-496d-b2fe-25142123ad51}</UniqueIdentifier>
    </Filter>
    <Filter Include="Headers\extra">
      <UniqueIdentifier>{12c13ae5-c968-4d7e-91eb-1b00897abaae}</UniqueIdentifier>
    </Filter>
    <Filter Include="Resources">
      <UniqueIdentifier>{67DA6AB6-F800-4c08-8B7A-83BB121AAD01}</UniqueIdentifier>
      <Extensions>rc;ico;cur;bmp;dlg;rc2;rct;bin;rgs;gif;jpg;jpeg;jpe;resx;tiff;tif;png;wav;mfcribbon-ms</Extensions>
    </Filter>
    <Filter Include="Resources\mlr">
      <UniqueIdentifier>{c416a971-78c0-4d99-ba74-0efc97e44f5d}</UniqueIdentifier>
    </Filter>
    <Filter Include="build">
      <UniqueIdentifier>{bc9bde1d-e123-434d-be34-63618ec35336}</UniqueIdentifier>
    </Filter>
    <Filter Include="build\WinDDK">
      <UniqueIdentifier>{2ff99160-1397-4e4e-b1df-51aecfb5a98b}</UniqueIdentifier>
    </Filter>
    <Filter Include="build\precompiled">
      <UniqueIdentifier>{96cc0e05-411f-4fc4-be78-bd6fca801f4c}</UniqueIdentifier>
    </Filter>
    <Filter Include="build\DLL">
      <UniqueIdentifier>{71854007-1b61-458a-9c16-ad70a3e0ff33}</UniqueIdentifier>
    </Filter>
    <Filter Include="Headers\common">
      <UniqueIdentifier>{37b5dad9-b8b1-4b13-a1df-f804aedfd5af}</UniqueIdentifier>
    </Filter>
    <Filter Include="Headers\mlr\inlines">
      <UniqueIdentifier>{007a9972-86d6-4415-ac2b-62a79d046031}</UniqueIdentifier>
    </Filter>
  </ItemGroup>
  <ItemGroup>
    <ClCompile Include="..\mclib\mlr\mlr.cpp">
      <Filter>Sources\mlr</Filter>
    </ClCompile>
    <ClCompile Include="..\mclib\mlr\mlrindexedprimitivebase.cpp">
      <Filter>Sources\mlr\Geometries</Filter>
    </ClCompile>
    <ClCompile Include="..\mclib\mlr\mlrprimitivebase.cpp">
      <Filter>Sources\mlr\Geometries</Filter>
    </ClCompile>
    <ClCompile Include="..\mclib\mlr\mlrshape.cpp">
      <Filter>Sources\mlr\Geometries</Filter>
    </ClCompile>
    <ClCompile Include="..\mclib\mlr\mlr_i_c_det_pmesh.cpp">
      <Filter>Sources\mlr\Geometries\Indexed Polygon Meshes</Filter>
    </ClCompile>
    <ClCompile Include="..\mclib\mlr\mlr_i_c_dt_pmesh.cpp">
      <Filter>Sources\mlr\Geometries\Indexed Polygon Meshes</Filter>
    </ClCompile>
    <ClCompile Include="..\mclib\mlr\mlr_i_c_pmesh.cpp">
      <Filter>Sources\mlr\Geometries\Indexed Polygon Meshes</Filter>
    </ClCompile>
    <ClCompile Include="..\mclib\mlr\mlr_i_det_pmesh.cpp">
      <Filter>Sources\mlr\Geometries\Indexed Polygon Meshes</Filter>
    </ClCompile>
    <ClCompile Include="..\mclib\mlr\mlr_i_dt_pmesh.cpp">
      <Filter>Sources\mlr\Geometries\Indexed Polygon Meshes</Filter>
    </ClCompile>
    <ClCompile Include="..\mclib\mlr\mlr_i_l_det_pmesh.cpp">
      <Filter>Sources\mlr\Geometries\Indexed Polygon Meshes</Filter>
    </ClCompile>
    <ClCompile Include="..\mclib\mlr\mlr_i_l_dt_pmesh.cpp">
      <Filter>Sources\mlr\Geometries\Indexed Polygon Meshes</Filter>
    </ClCompile>
    <ClCompile Include="..\mclib\mlr\mlr_i_l_pmesh.cpp">
      <Filter>Sources\mlr\Geometries\Indexed Polygon Meshes</Filter>
    </ClCompile>
    <ClCompile Include="..\mclib\mlr\mlr_i_mt_pmesh.cpp">
      <Filter>Sources\mlr\Geometries\Indexed Polygon Meshes</Filter>
    </ClCompile>
    <ClCompile Include="..\mclib\mlr\mlr_i_pmesh.cpp">
      <Filter>Sources\mlr\Geometries\Indexed Polygon Meshes</Filter>
    </ClCompile>
    <ClCompile Include="..\mclib\mlr\mlr_i_c_det_tmesh.cpp">
      <Filter>Sources\mlr\Geometries\Indexed Triangle Meshes</Filter>
    </ClCompile>
    <ClCompile Include="..\mclib\mlr\mlr_i_c_dt_tmesh.cpp">
      <Filter>Sources\mlr\Geometries\Indexed Triangle Meshes</Filter>
    </ClCompile>
    <ClCompile Include="..\mclib\mlr\mlr_i_c_tmesh.cpp">
      <Filter>Sources\mlr\Geometries\Indexed Triangle Meshes</Filter>
    </ClCompile>
    <ClCompile Include="..\mclib\mlr\mlr_i_det_tmesh.cpp">
      <Filter>Sources\mlr\Geometries\Indexed Triangle Meshes</Filter>
    </ClCompile>
    <ClCompile Include="..\mclib\mlr\mlr_i_dt_tmesh.cpp">
      <Filter>Sources\mlr\Geometries\Indexed Triangle Meshes</Filter>
    </ClCompile>
    <ClCompile Include="..\mclib\mlr\mlr_i_l_det_tmesh.cpp">
      <Filter>Sources\mlr\Geometries\Indexed Triangle Meshes</Filter>
    </ClCompile>
    <ClCompile Include="..\mclib\mlr\mlr_i_l_dt_tmesh.cpp">
      <Filter>Sources\mlr\Geometries\Indexed Triangle Meshes</Filter>
    </ClCompile>
    <ClCompile Include="..\mclib\mlr\mlr_i_l_tmesh.cpp">
      <Filter>Sources\mlr\Geometries\Indexed Triangle Meshes</Filter>
    </ClCompile>
    <ClCompile Include="..\mclib\mlr\mlr_i_tmesh.cpp">
      <Filter>Sources\mlr\Geometries\Indexed Triangle Meshes</Filter>
    </ClCompile>
    <ClCompile Include="..\mclib\mlr\mlr_terrain.cpp">
      <Filter>Sources\mlr\Geometries\Terrain</Filter>
    </ClCompile>
    <ClCompile Include="..\mclib\mlr\mlr_terrain2.cpp">
      <Filter>Sources\mlr\Geometries\Terrain</Filter>
    </ClCompile>
    <ClCompile Include="..\mclib\mlr\mlrambientlight.cpp">
      <Filter>Sources\mlr\Lighting</Filter>
    </ClCompile>
    <ClCompile Include="..\mclib\mlr\mlrinfinitelight.cpp">
      <Filter>Sources\mlr\Lighting</Filter>
    </ClCompile>
    <ClCompile Include="..\mclib\mlr\mlrinfinitelightwithfalloff.cpp">
      <Filter>Sources\mlr\Lighting</Filter>
    </ClCompile>
    <ClCompile Include="..\mclib\mlr\mlrlight.cpp">
      <Filter>Sources\mlr\Lighting</Filter>
    </ClCompile>
    <ClCompile Include="..\mclib\mlr\mlrlightmap.cpp">
      <Filter>Sources\mlr\Lighting</Filter>
    </ClCompile>
    <ClCompile Include="..\mclib\mlr\mlrlookuplight.cpp">
      <Filter>Sources\mlr\Lighting</Filter>
    </ClCompile>
    <ClCompile Include="..\mclib\mlr\mlrpointlight.cpp">
      <Filter>Sources\mlr\Lighting</Filter>
    </ClCompile>
    <ClCompile Include="..\mclib\mlr\mlrspotlight.cpp">
      <Filter>Sources\mlr\Lighting</Filter>
    </ClCompile>
    <ClCompile Include="..\mclib\mlr\mlrsortbyorder.cpp">
      <Filter>Sources\mlr\Sorting</Filter>
    </ClCompile>
    <ClCompile Include="..\mclib\mlr\mlrsorter.cpp">
      <Filter>Sources\mlr\Sorting</Filter>
    </ClCompile>
    <ClCompile Include="..\mclib\mlr\mlrstate.cpp">
      <Filter>Sources\mlr\Sorting</Filter>
    </ClCompile>
    <ClCompile Include="..\mclib\mlr\mlrtexture.cpp">
      <Filter>Sources\mlr\Texture</Filter>
    </ClCompile>
    <ClCompile Include="..\mclib\mlr\mlrtexturepool.cpp">
      <Filter>Sources\mlr\Texture</Filter>
    </ClCompile>
    <ClCompile Include="..\mclib\mlr\gosimage.cpp">
      <Filter>Sources\mlr\Rasterizer</Filter>
    </ClCompile>
    <ClCompile Include="..\mclib\mlr\gosimagepool.cpp">
      <Filter>Sources\mlr\Rasterizer</Filter>
    </ClCompile>
    <ClCompile Include="..\mclib\mlr\gosvertex.cpp">
      <Filter>Sources\mlr\Rasterizer</Filter>
    </ClCompile>
    <ClCompile Include="..\mclib\mlr\gosvertex2uv.cpp">
      <Filter>Sources\mlr\Rasterizer</Filter>
    </ClCompile>
    <ClCompile Include="..\mclib\mlr\mlrclipper.cpp">
      <Filter>Sources\mlr\Clipping</Filter>
    </ClCompile>
    <ClCompile Include="..\mclib\mlr\mlrclippingstate.cpp">
      <Filter>Sources\mlr\Clipping</Filter>
    </ClCompile>
    <ClCompile Include="..\mclib\mlr\mlrcardcloud.cpp">
      <Filter>Sources\mlr\Effects</Filter>
    </ClCompile>
    <ClCompile Include="..\mclib\mlr\mlreffect.cpp">
      <Filter>Sources\mlr\Effects</Filter>
    </ClCompile>
    <ClCompile Include="..\mclib\mlr\mlrindexedtrianglecloud.cpp">
      <Filter>Sources\mlr\Effects</Filter>
    </ClCompile>
    <ClCompile Include="..\mclib\mlr\mlrlinecloud.cpp">
      <Filter>Sources\mlr\Effects</Filter>
    </ClCompile>
    <ClCompile Include="..\mclib\mlr\mlrngoncloud.cpp">
      <Filter>Sources\mlr\Effects</Filter>
    </ClCompile>
    <ClCompile Include="..\mclib\mlr\mlrpointcloud.cpp">
      <Filter>Sources\mlr\Effects</Filter>
    </ClCompile>
    <ClCompile Include="..\mclib\mlr\mlrtrianglecloud.cpp">
      <Filter>Sources\mlr\Effects</Filter>
    </ClCompile>
    <ClCompile Include="..\mclib\mlr\mlrheaders.cpp">
      <Filter>build\precompiled</Filter>
    </ClCompile>
    <ClCompile Include="..\mclib\stdinc.cpp">
      <Filter>build\precompiled</Filter>
    </ClCompile>
  </ItemGroup>
  <ItemGroup>
    <ClInclude Include="..\mclib\mlr\mlr.hpp">
      <Filter>Headers\mlr</Filter>
    </ClInclude>
    <ClInclude Include="..\mclib\mlr\mlrcliptrick.hpp">
      <Filter>Headers\mlr\Geometries</Filter>
    </ClInclude>
    <ClInclude Include="..\mclib\mlr\mlrindexedprimitivebase.hpp">
      <Filter>Headers\mlr\Geometries</Filter>
    </ClInclude>
    <ClInclude Include="..\mclib\mlr\mlrprimitivebase.hpp">
      <Filter>Headers\mlr\Geometries</Filter>
    </ClInclude>
    <ClInclude Include="..\mclib\mlr\mlrshape.hpp">
      <Filter>Headers\mlr\Geometries</Filter>
    </ClInclude>
    <ClInclude Include="..\mclib\mlr\mlr_i_c_det_pmesh.hpp">
      <Filter>Headers\mlr\Geometries\Indexed Polygon Meshes</Filter>
    </ClInclude>
    <ClInclude Include="..\mclib\mlr\mlr_i_c_dt_pmesh.hpp">
      <Filter>Headers\mlr\Geometries\Indexed Polygon Meshes</Filter>
    </ClInclude>
    <ClInclude Include="..\mclib\mlr\mlr_i_c_pmesh.hpp">
      <Filter>Headers\mlr\Geometries\Indexed Polygon Meshes</Filter>
    </ClInclude>
    <ClInclude Include="..\mclib\mlr\mlr_i_det_pmesh.hpp">
      <Filter>Headers\mlr\Geometries\Indexed Polygon Meshes</Filter>
    </ClInclude>
    <ClInclude Include="..\mclib\mlr\mlr_i_dt_pmesh.hpp">
      <Filter>Headers\mlr\Geometries\Indexed Polygon Meshes</Filter>
    </ClInclude>
    <ClInclude Include="..\mclib\mlr\mlr_i_l_det_pmesh.hpp">
      <Filter>Headers\mlr\Geometries\Indexed Polygon Meshes</Filter>
    </ClInclude>
    <ClInclude Include="..\mclib\mlr\mlr_i_l_dt_pmesh.hpp">
      <Filter>Headers\mlr\Geometries\Indexed Polygon Meshes</Filter>
    </ClInclude>
    <ClInclude Include="..\mclib\mlr\mlr_i_l_pmesh.hpp">
      <Filter>Headers\mlr\Geometries\Indexed Polygon Meshes</Filter>
    </ClInclude>
    <ClInclude Include="..\mclib\mlr\mlr_i_mt_pmesh.hpp">
      <Filter>Headers\mlr\Geometries\Indexed Polygon Meshes</Filter>
    </ClInclude>
    <ClInclude Include="..\mclib\mlr\mlr_i_pmesh.hpp">
      <Filter>Headers\mlr\Geometries\Indexed Polygon Meshes</Filter>
    </ClInclude>
    <ClInclude Include="..\mclib\mlr\mlr_i_c_det_tmesh.hpp">
      <Filter>Headers\mlr\Geometries\Indexed Triangle Meshes</Filter>
    </ClInclude>
    <ClInclude Include="..\mclib\mlr\mlr_i_c_dt_tmesh.hpp">
      <Filter>Headers\mlr\Geometries\Indexed Triangle Meshes</Filter>
    </ClInclude>
    <ClInclude Include="..\mclib\mlr\mlr_i_c_tmesh.hpp">
      <Filter>Headers\mlr\Geometries\Indexed Triangle Meshes</Filter>
    </ClInclude>
    <ClInclude Include="..\mclib\mlr\mlr_i_det_tmesh.hpp">
      <Filter>Headers\mlr\Geometries\Indexed Triangle Meshes</Filter>
    </ClInclude>
    <ClInclude Include="..\mclib\mlr\mlr_i_dt_tmesh.hpp">
      <Filter>Headers\mlr\Geometries\Indexed Triangle Meshes</Filter>
    </ClInclude>
    <ClInclude Include="..\mclib\mlr\mlr_i_l_det_tmesh.hpp">
      <Filter>Headers\mlr\Geometries\Indexed Triangle Meshes</Filter>
    </ClInclude>
    <ClInclude Include="..\mclib\mlr\mlr_i_l_dt_tmesh.hpp">
      <Filter>Headers\mlr\Geometries\Indexed Triangle Meshes</Filter>
    </ClInclude>
    <ClInclude Include="..\mclib\mlr\mlr_i_l_tmesh.hpp">
      <Filter>Headers\mlr\Geometries\Indexed Triangle Meshes</Filter>
    </ClInclude>
    <ClInclude Include="..\mclib\mlr\mlr_i_tmesh.hpp">
      <Filter>Headers\mlr\Geometries\Indexed Triangle Meshes</Filter>
    </ClInclude>
    <ClInclude Include="..\mclib\mlr\mlr_terrain.hpp">
      <Filter>Headers\mlr\Geometries\Terrain</Filter>
    </ClInclude>
    <ClInclude Include="..\mclib\mlr\mlr_terrain2.hpp">
      <Filter>Headers\mlr\Geometries\Terrain</Filter>
    </ClInclude>
    <ClInclude Include="..\mclib\mlr\mlrambientlight.hpp">
      <Filter>Headers\mlr\Lighting</Filter>
    </ClInclude>
    <ClInclude Include="..\mclib\mlr\mlrinfinitelight.hpp">
      <Filter>Headers\mlr\Lighting</Filter>
    </ClInclude>
    <ClInclude Include="..\mclib\mlr\mlrinfinitelightwithfalloff.hpp">
      <Filter>Headers\mlr\Lighting</Filter>
    </ClInclude>
    <ClInclude Include="..\mclib\mlr\mlrlight.hpp">
      <Filter>Headers\mlr\Lighting</Filter>
    </ClInclude>
    <ClInclude Include="..\mclib\mlr\mlrlightmap.hpp">
      <Filter>Headers\mlr\Lighting</Filter>
    </ClInclude>
    <ClInclude Include="..\mclib\mlr\mlrlookuplight.hpp">
      <Filter>Headers\mlr\Lighting</Filter>
    </ClInclude>
    <ClInclude Include="..\mclib\mlr\mlrpointlight.hpp">
      <Filter>Headers\mlr\Lighting</Filter>
    </ClInclude>
    <ClInclude Include="..\mclib\mlr\mlrspotlight.hpp">
      <Filter>Headers\mlr\Lighting</Filter>
    </ClInclude>
    <ClInclude Include="..\mclib\mlr\mlrsortbyorder.hpp">
      <Filter>Headers\mlr\Sorting</Filter>
    </ClInclude>
    <ClInclude Include="..\mclib\mlr\mlrsorter.hpp">
      <Filter>Headers\mlr\Sorting</Filter>
    </ClInclude>
    <ClInclude Include="..\mclib\mlr\mlrstate.hpp">
      <Filter>Headers\mlr\Sorting</Filter>
    </ClInclude>
    <ClInclude Include="..\mclib\mlr\mlrtexture.hpp">
      <Filter>Headers\mlr\Texture</Filter>
    </ClInclude>
    <ClInclude Include="..\mclib\mlr\mlrtexturepool.hpp">
      <Filter>Headers\mlr\Texture</Filter>
    </ClInclude>
    <ClInclude Include="..\mclib\mlr\gosimage.hpp">
      <Filter>Headers\mlr\Rasterizer</Filter>
    </ClInclude>
    <ClInclude Include="..\mclib\mlr\gosimagepool.hpp">
      <Filter>Headers\mlr\Rasterizer</Filter>
    </ClInclude>
    <ClInclude Include="..\mclib\mlr\gosvertex.hpp">
      <Filter>Headers\mlr\Rasterizer</Filter>
    </ClInclude>
    <ClInclude Include="..\mclib\mlr\gosvertex2uv.hpp">
      <Filter>Headers\mlr\Rasterizer</Filter>
    </ClInclude>
    <ClInclude Include="..\mclib\mlr\gosvertexpool.hpp">
      <Filter>Headers\mlr\Rasterizer</Filter>
    </ClInclude>
    <ClInclude Include="..\mclib\mlr\mlrclipper.hpp">
      <Filter>Headers\mlr\Clipping</Filter>
    </ClInclude>
    <ClInclude Include="..\mclib\mlr\mlrclippingstate.hpp">
      <Filter>Headers\mlr\Clipping</Filter>
    </ClInclude>
    <ClInclude Include="..\mclib\mlr\mlrcardcloud.hpp">
      <Filter>Headers\mlr\Effects</Filter>
    </ClInclude>
    <ClInclude Include="..\mclib\mlr\mlreffect.hpp">
      <Filter>Headers\mlr\Effects</Filter>
    </ClInclude>
    <ClInclude Include="..\mclib\mlr\mlrindexedtrianglecloud.hpp">
      <Filter>Headers\mlr\Effects</Filter>
    </ClInclude>
    <ClInclude Include="..\mclib\mlr\mlrlinecloud.hpp">
      <Filter>Headers\mlr\Effects</Filter>
    </ClInclude>
    <ClInclude Include="..\mclib\mlr\mlrngoncloud.hpp">
      <Filter>Headers\mlr\Effects</Filter>
    </ClInclude>
    <ClInclude Include="..\mclib\mlr\mlrpointcloud.hpp">
      <Filter>Headers\mlr\Effects</Filter>
    </ClInclude>
    <ClInclude Include="..\mclib\mlr\mlrtrianglecloud.hpp">
      <Filter>Headers\mlr\Effects</Filter>
    </ClInclude>
    <ClInclude Include="..\mclib\mlr\mlrheaders.hpp">
      <Filter>build\precompiled</Filter>
    </ClInclude>
    <ClInclude Include="..\mclib\stdinc.h">
      <Filter>build\precompiled</Filter>
    </ClInclude>
    <ClInclude Include="..\include\mechresources.h">
      <Filter>Headers\common</Filter>
    </ClInclude>
    <ClInclude Include="..\include\mechtypes.h">
      <Filter>Headers\common</Filter>
    </ClInclude>
    <ClInclude Include="..\mclib\mlr\gosvertexmanipulation.inl">
      <Filter>Headers\mlr\inlines</Filter>
    </ClInclude>
    <ClInclude Include="..\mclib\mlr\mlrtrianglelighting.inl">
      <Filter>Headers\mlr\inlines</Filter>
    </ClInclude>
    <ClInclude Include="..\mclib\mlr\mlrtriangleclipping.inl">
      <Filter>Headers\mlr\inlines</Filter>
    </ClInclude>
    <ClInclude Include="..\mclib\mlr\mlrprimitivelighting.inl">
      <Filter>Headers\mlr\inlines</Filter>
    </ClInclude>
    <ClInclude Include="..\mclib\mlr\mlrprimitiveclipping.inl">
      <Filter>Headers\mlr\inlines</Filter>
    </ClInclude>
  </ItemGroup>
</Project>