Microsoft Visual Studio Solution File, Format Version 9.00
# Visual Studio 2005
Project("{8BC9CEB8-8B4A-11D0-8D11-00A0C91BC942}") = "GUI", "build.vs\gui_vc8.vcproj", "{97985315-F026-4AB8-A765-2DBE7B78CC6C}"
EndProject
Project("{8BC9CEB8-8B4A-11D0-8D11-00A0C91BC942}") = "MCLib", "build.vs\mclib_vc8.vcproj", "{09582E8D-FAA3-4A07-AB43-74C33436CDDF}"
EndProject
Project("{8BC9CEB8-8B4A-11D0-8D11-00A0C91BC942}") = "MLR", "build.vs\mlr_vc8.vcproj", "{6CFC313D-C849-4753-8EAA-3244D0515C7A}"
EndProject
Project("{8BC9CEB8-8B4A-11D0-8D11-00A0C91BC942}") = "MechCmd2", "build.vs\mechcmd2_vc8.vcproj", "{8FA46A42-5363-4C71-90D8-1106203F0DC7}"
	ProjectSection(ProjectDependencies) = postProject
		{97985315-F026-4AB8-A765-2DBE7B78CC6C} = {97985315-F026-4AB8-A765-2DBE7B78CC6C}
		{6CFC313D-C849-4753-8EAA-3244D0515C7A} = {6CFC313D-C849-4753-8EAA-3244D0515C7A}
		{FDA65357-68F7-4567-89C0-A4D15FB27CDB} = {FDA65357-68F7-4567-89C0-A4D15FB27CDB}
		{09582E8D-FAA3-4A07-AB43-74C33436CDDF} = {09582E8D-FAA3-4A07-AB43-74C33436CDDF}
		{14F6019A-43EA-41FF-BE5D-24D54425B7AA} = {14F6019A-43EA-41FF-BE5D-24D54425B7AA}
		{CFE8A9D5-80DF-4ACC-B91F-64AB2167BC3A} = {CFE8A9D5-80DF-4ACC-B91F-64AB2167BC3A}
	EndProjectSection
EndProject
Project("{8BC9CEB8-8B4A-11D0-8D11-00A0C91BC942}") = "Stuff", "build.vs\stuff_vc8.vcproj", "{14F6019A-43EA-41FF-BE5D-24D54425B7AA}"
EndProject
Project("{8BC9CEB8-8B4A-11D0-8D11-00A0C91BC942}") = "Viewer", "build.vs\viewer_vc8.vcproj", "{D6A172C0-ACCD-4F05-BADA-D8DEBD36B666}"
	ProjectSection(ProjectDependencies) = postProject
		{97985315-F026-4AB8-A765-2DBE7B78CC6C} = {97985315-F026-4AB8-A765-2DBE7B78CC6C}
		{6CFC313D-C849-4753-8EAA-3244D0515C7A} = {6CFC313D-C849-4753-8EAA-3244D0515C7A}
		{FDA65357-68F7-4567-89C0-A4D15FB27CDB} = {FDA65357-68F7-4567-89C0-A4D15FB27CDB}
		{09582E8D-FAA3-4A07-AB43-74C33436CDDF} = {09582E8D-FAA3-4A07-AB43-74C33436CDDF}
		{14F6019A-43EA-41FF-BE5D-24D54425B7AA} = {14F6019A-43EA-41FF-BE5D-24D54425B7AA}
	EndProjectSection
EndProject
Project("{8BC9CEB8-8B4A-11D0-8D11-00A0C91BC942}") = "ablt", "build.vs\ablt_vc8.vcproj", "{533EB470-9743-48C3-A77F-1490873B7CBB}"
EndProject
Project("{8BC9CEB8-8B4A-11D0-8D11-00A0C91BC942}") = "aseconv", "build.vs\aseconv_vc8.vcproj", "{8D87B501-FAB3-4468-A67E-72CE3F4D21AE}"
	ProjectSection(ProjectDependencies) = postProject
		{6CFC313D-C849-4753-8EAA-3244D0515C7A} = {6CFC313D-C849-4753-8EAA-3244D0515C7A}
		{FDA65357-68F7-4567-89C0-A4D15FB27CDB} = {FDA65357-68F7-4567-89C0-A4D15FB27CDB}
		{09582E8D-FAA3-4A07-AB43-74C33436CDDF} = {09582E8D-FAA3-4A07-AB43-74C33436CDDF}
		{14F6019A-43EA-41FF-BE5D-24D54425B7AA} = {14F6019A-43EA-41FF-BE5D-24D54425B7AA}
	EndProjectSection
EndProject
Project("{8BC9CEB8-8B4A-11D0-8D11-00A0C91BC942}") = "gosFX", "build.vs\gosfx_vc8.vcproj", "{FDA65357-68F7-4567-89C0-A4D15FB27CDB}"
EndProject
Project("{8BC9CEB8-8B4A-11D0-8D11-00A0C91BC942}") = "mc2res", "build.vs\mc2res_vc8.vcproj", "{CFE8A9D5-80DF-4ACC-B91F-64AB2167BC3A}"
EndProject
Project("{8BC9CEB8-8B4A-11D0-8D11-00A0C91BC942}") = "EditorMFC", "build.vs\editor_vc8.vcproj", "{61FF0D0E-7063-4843-A009-A764F7AD72D4}"
EndProject
Global
	GlobalSection(SolutionConfigurationPlatforms) = preSolution
		Debug|Win32 = Debug|Win32
		Profile|Win32 = Profile|Win32
		Release|Win32 = Release|Win32
	EndGlobalSection
	GlobalSection(ProjectConfigurationPlatforms) = postSolution
		{97985315-F026-4AB8-A765-2DBE7B78CC6C}.Debug|Win32.ActiveCfg = Debug|Win32
		{97985315-F026-4AB8-A765-2DBE7B78CC6C}.Debug|Win32.Build.0 = Debug|Win32
		{97985315-F026-4AB8-A765-2DBE7B78CC6C}.Profile|Win32.ActiveCfg = Profile|Win32
		{97985315-F026-4AB8-A765-2DBE7B78CC6C}.Profile|Win32.Build.0 = Profile|Win32
		{97985315-F026-4AB8-A765-2DBE7B78CC6C}.Release|Win32.ActiveCfg = Release|Win32
		{97985315-F026-4AB8-A765-2DBE7B78CC6C}.Release|Win32.Build.0 = Release|Win32
		{09582E8D-FAA3-4A07-AB43-74C33436CDDF}.Debug|Win32.ActiveCfg = Debug|Win32
		{09582E8D-FAA3-4A07-AB43-74C33436CDDF}.Debug|Win32.Build.0 = Debug|Win32
		{09582E8D-FAA3-4A07-AB43-74C33436CDDF}.Profile|Win32.ActiveCfg = Profile|Win32
		{09582E8D-FAA3-4A07-AB43-74C33436CDDF}.Profile|Win32.Build.0 = Profile|Win32
		{09582E8D-FAA3-4A07-AB43-74C33436CDDF}.Release|Win32.ActiveCfg = Release|Win32
		{09582E8D-FAA3-4A07-AB43-74C33436CDDF}.Release|Win32.Build.0 = Release|Win32
		{6CFC313D-C849-4753-8EAA-3244D0515C7A}.Debug|Win32.ActiveCfg = Debug|Win32
		{6CFC313D-C849-4753-8EAA-3244D0515C7A}.Debug|Win32.Build.0 = Debug|Win32
		{6CFC313D-C849-4753-8EAA-3244D0515C7A}.Profile|Win32.ActiveCfg = Profile|Win32
		{6CFC313D-C849-4753-8EAA-3244D0515C7A}.Profile|Win32.Build.0 = Profile|Win32
		{6CFC313D-C849-4753-8EAA-3244D0515C7A}.Release|Win32.ActiveCfg = Release|Win32
		{6CFC313D-C849-4753-8EAA-3244D0515C7A}.Release|Win32.Build.0 = Release|Win32
		{8FA46A42-5363-4C71-90D8-1106203F0DC7}.Debug|Win32.ActiveCfg = Debug|Win32
		{8FA46A42-5363-4C71-90D8-1106203F0DC7}.Debug|Win32.Build.0 = Debug|Win32
		{8FA46A42-5363-4C71-90D8-1106203F0DC7}.Profile|Win32.ActiveCfg = Profile|Win32
		{8FA46A42-5363-4C71-90D8-1106203F0DC7}.Profile|Win32.Build.0 = Profile|Win32
		{8FA46A42-5363-4C71-90D8-1106203F0DC7}.Release|Win32.ActiveCfg = Release|Win32
		{8FA46A42-5363-4C71-90D8-1106203F0DC7}.Release|Win32.Build.0 = Release|Win32
		{14F6019A-43EA-41FF-BE5D-24D54425B7AA}.Debug|Win32.ActiveCfg = Debug|Win32
		{14F6019A-43EA-41FF-BE5D-24D54425B7AA}.Debug|Win32.Build.0 = Debug|Win32
		{14F6019A-43EA-41FF-BE5D-24D54425B7AA}.Profile|Win32.ActiveCfg = Profile|Win32
		{14F6019A-43EA-41FF-BE5D-24D54425B7AA}.Profile|Win32.Build.0 = Profile|Win32
		{14F6019A-43EA-41FF-BE5D-24D54425B7AA}.Release|Win32.ActiveCfg = Release|Win32
		{14F6019A-43EA-41FF-BE5D-24D54425B7AA}.Release|Win32.Build.0 = Release|Win32
		{D6A172C0-ACCD-4F05-BADA-D8DEBD36B666}.Debug|Win32.ActiveCfg = Debug|Win32
		{D6A172C0-ACCD-4F05-BADA-D8DEBD36B666}.Debug|Win32.Build.0 = Debug|Win32
		{D6A172C0-ACCD-4F05-BADA-D8DEBD36B666}.Profile|Win32.ActiveCfg = Profile|Win32
		{D6A172C0-ACCD-4F05-BADA-D8DEBD36B666}.Profile|Win32.Build.0 = Profile|Win32
		{D6A172C0-ACCD-4F05-BADA-D8DEBD36B666}.Release|Win32.ActiveCfg = Release|Win32
		{D6A172C0-ACCD-4F05-BADA-D8DEBD36B666}.Release|Win32.Build.0 = Release|Win32
		{533EB470-9743-48C3-A77F-1490873B7CBB}.Debug|Win32.ActiveCfg = Debug|Win32
		{533EB470-9743-48C3-A77F-1490873B7CBB}.Debug|Win32.Build.0 = Debug|Win32
		{533EB470-9743-48C3-A77F-1490873B7CBB}.Profile|Win32.ActiveCfg = Release|Win32
		{533EB470-9743-48C3-A77F-1490873B7CBB}.Profile|Win32.Build.0 = Release|Win32
		{533EB470-9743-48C3-A77F-1490873B7CBB}.Release|Win32.ActiveCfg = Release|Win32
		{533EB470-9743-48C3-A77F-1490873B7CBB}.Release|Win32.Build.0 = Release|Win32
		{8D87B501-FAB3-4468-A67E-72CE3F4D21AE}.Debug|Win32.ActiveCfg = Debug|Win32
		{8D87B501-FAB3-4468-A67E-72CE3F4D21AE}.Debug|Win32.Build.0 = Debug|Win32
		{8D87B501-FAB3-4468-A67E-72CE3F4D21AE}.Profile|Win32.ActiveCfg = Profile|Win32
		{8D87B501-FAB3-4468-A67E-72CE3F4D21AE}.Profile|Win32.Build.0 = Profile|Win32
		{8D87B501-FAB3-4468-A67E-72CE3F4D21AE}.Release|Win32.ActiveCfg = Release|Win32
		{8D87B501-FAB3-4468-A67E-72CE3F4D21AE}.Release|Win32.Build.0 = Release|Win32
		{FDA65357-68F7-4567-89C0-A4D15FB27CDB}.Debug|Win32.ActiveCfg = Debug|Win32
		{FDA65357-68F7-4567-89C0-A4D15FB27CDB}.Debug|Win32.Build.0 = Debug|Win32
		{FDA65357-68F7-4567-89C0-A4D15FB27CDB}.Profile|Win32.ActiveCfg = Profile|Win32
		{FDA65357-68F7-4567-89C0-A4D15FB27CDB}.Profile|Win32.Build.0 = Profile|Win32
		{FDA65357-68F7-4567-89C0-A4D15FB27CDB}.Release|Win32.ActiveCfg = Release|Win32
		{FDA65357-68F7-4567-89C0-A4D15FB27CDB}.Release|Win32.Build.0 = Release|Win32
		{CFE8A9D5-80DF-4ACC-B91F-64AB2167BC3A}.Debug|Win32.ActiveCfg = Debug|Win32
		{CFE8A9D5-80DF-4ACC-B91F-64AB2167BC3A}.Debug|Win32.Build.0 = Debug|Win32
		{CFE8A9D5-80DF-4ACC-B91F-64AB2167BC3A}.Profile|Win32.ActiveCfg = Profile|Win32
		{CFE8A9D5-80DF-4ACC-B91F-64AB2167BC3A}.Profile|Win32.Build.0 = Profile|Win32
		{CFE8A9D5-80DF-4ACC-B91F-64AB2167BC3A}.Release|Win32.ActiveCfg = Release|Win32
		{CFE8A9D5-80DF-4ACC-B91F-64AB2167BC3A}.Release|Win32.Build.0 = Release|Win32
		{61FF0D0E-7063-4843-A009-A764F7AD72D4}.Debug|Win32.ActiveCfg = Debug|Win32
		{61FF0D0E-7063-4843-A009-A764F7AD72D4}.Debug|Win32.Build.0 = Debug|Win32
		{61FF0D0E-7063-4843-A009-A764F7AD72D4}.Profile|Win32.ActiveCfg = Profile|Win32
		{61FF0D0E-7063-4843-A009-A764F7AD72D4}.Profile|Win32.Build.0 = Profile|Win32
		{61FF0D0E-7063-4843-A009-A764F7AD72D4}.Release|Win32.ActiveCfg = Release|Win32
		{61FF0D0E-7063-4843-A009-A764F7AD72D4}.Release|Win32.Build.0 = Release|Win32
	EndGlobalSection
	GlobalSection(SolutionProperties) = preSolution
		HideSolutionNode = FALSE
	EndGlobalSection
EndGlobal
