Microsoft Visual Studio Solution File, Format Version 12.00
# Visual Studio 15
VisualStudioVersion = 15.0.26730.10
MinimumVisualStudioVersion = 10.0.40219.1
Project("{2150E333-8FDC-42A3-9474-1A3956D46DE8}") = "Applications", "Applications", "{84922EB1-5A83-4BD3-8A24-8570551BCA10}"
EndProject
Project("{2150E333-8FDC-42A3-9474-1A3956D46DE8}") = "DLLs", "DLLs", "{B573172F-59DA-4A1D-A894-BA32C8F068EF}"
EndProject
Project("{2150E333-8FDC-42A3-9474-1A3956D46DE8}") = "Libraries", "Libraries", "{E9E993DF-D613-4091-A6EF-2B166ED87A4F}"
EndProject
Project("{2150E333-8FDC-42A3-9474-1A3956D46DE8}") = "Config", "Config", "{DE2F4131-38FF-4205-94C8-6032A0BC76C2}"
	ProjectSection(SolutionItems) = preProject
		patches\initial_commit.diff = patches\initial_commit.diff
	EndProjectSection
EndProject
Project("{8BC9CEB8-8B4A-11D0-8D11-00A0C91BC942}") = "ablt", "build.vs\ablt.vcxproj", "{533EB470-9743-48C3-A77F-1490873B7CBB}"
EndProject
Project("{8BC9CEB8-8B4A-11D0-8D11-00A0C91BC942}") = "aseconv", "build.vs\aseconv.vcxproj", "{8D87B501-FAB3-4468-A67E-72CE3F4D21AE}"
EndProject
Project("{8BC9CEB8-8B4A-11D0-8D11-00A0C91BC942}") = "editor", "build.vs\editor.vcxproj", "{61FF0D0E-7063-4843-A009-A764F7AD72D4}"
EndProject
Project("{8BC9CEB8-8B4A-11D0-8D11-00A0C91BC942}") = "gosfx", "build.vs\gosfx.vcxproj", "{FDA65357-68F7-4567-89C0-A4D15FB27CDB}"
EndProject
Project("{8BC9CEB8-8B4A-11D0-8D11-00A0C91BC942}") = "mechgui", "build.vs\gui.vcxproj", "{97985315-F026-4AB8-A765-2DBE7B78CC6C}"
EndProject
Project("{8BC9CEB8-8B4A-11D0-8D11-00A0C91BC942}") = "mlr", "build.vs\mlr.vcxproj", "{6CFC313D-C849-4753-8EAA-3244D0515C7A}"
EndProject
Project("{8BC9CEB8-8B4A-11D0-8D11-00A0C91BC942}") = "stuff", "build.vs\stuff.vcxproj", "{14F6019A-43EA-41FF-BE5D-24D54425B7AA}"
EndProject
Project("{8BC9CEB8-8B4A-11D0-8D11-00A0C91BC942}") = "mc2res", "build.vs\mc2res.vcxproj", "{CFE8A9D5-80DF-4ACC-B91F-64AB2167BC3A}"
EndProject
Project("{8BC9CEB8-8B4A-11D0-8D11-00A0C91BC942}") = "mclib", "build.vs\mclib.vcxproj", "{09582E8D-FAA3-4A07-AB43-74C33436CDDF}"
EndProject
Project("{8BC9CEB8-8B4A-11D0-8D11-00A0C91BC942}") = "mechcmd2", "build.vs\mechcmd2.vcxproj", "{8FA46A42-5363-4C71-90D8-1106203F0DC7}"
EndProject
Project("{8BC9CEB8-8B4A-11D0-8D11-00A0C91BC942}") = "gameos", "build.vs\gameos.vcxproj", "{B4EA2124-2ABF-442E-9B3E-0E503A4DAF8B}"
EndProject
Project("{8BC9CEB8-8B4A-11D0-8D11-00A0C91BC942}") = "viewer", "build.vs\viewer.vcxproj", "{D6A172C0-ACCD-4F05-BADA-D8DEBD36B666}"
EndProject
Global
	GlobalSection(SolutionConfigurationPlatforms) = preSolution
		Debug|Win32 = Debug|Win32
		Debug|x64 = Debug|x64
		Release|Win32 = Release|Win32
		Release|x64 = Release|x64
	EndGlobalSection
	GlobalSection(ProjectConfigurationPlatforms) = postSolution
		{533EB470-9743-48C3-A77F-1490873B7CBB}.Debug|Win32.ActiveCfg = Debug|Win32
		{533EB470-9743-48C3-A77F-1490873B7CBB}.Debug|Win32.Build.0 = Debug|Win32
		{533EB470-9743-48C3-A77F-1490873B7CBB}.Debug|x64.ActiveCfg = Debug|Win32
		{533EB470-9743-48C3-A77F-1490873B7CBB}.Debug|x64.Build.0 = Debug|Win32
		{533EB470-9743-48C3-A77F-1490873B7CBB}.Release|Win32.ActiveCfg = Debug|Win32
		{533EB470-9743-48C3-A77F-1490873B7CBB}.Release|Win32.Build.0 = Debug|Win32
		{533EB470-9743-48C3-A77F-1490873B7CBB}.Release|x64.ActiveCfg = Debug|Win32
		{533EB470-9743-48C3-A77F-1490873B7CBB}.Release|x64.Build.0 = Debug|Win32
		{8D87B501-FAB3-4468-A67E-72CE3F4D21AE}.Debug|Win32.ActiveCfg = Debug|Win32
		{8D87B501-FAB3-4468-A67E-72CE3F4D21AE}.Debug|Win32.Build.0 = Debug|Win32
		{8D87B501-FAB3-4468-A67E-72CE3F4D21AE}.Debug|x64.ActiveCfg = Debug|Win32
		{8D87B501-FAB3-4468-A67E-72CE3F4D21AE}.Debug|x64.Build.0 = Debug|Win32
		{8D87B501-FAB3-4468-A67E-72CE3F4D21AE}.Release|Win32.ActiveCfg = Debug|Win32
		{8D87B501-FAB3-4468-A67E-72CE3F4D21AE}.Release|Win32.Build.0 = Debug|Win32
		{8D87B501-FAB3-4468-A67E-72CE3F4D21AE}.Release|x64.ActiveCfg = Debug|Win32
		{8D87B501-FAB3-4468-A67E-72CE3F4D21AE}.Release|x64.Build.0 = Debug|Win32
		{61FF0D0E-7063-4843-A009-A764F7AD72D4}.Debug|Win32.ActiveCfg = Debug|Win32
		{61FF0D0E-7063-4843-A009-A764F7AD72D4}.Debug|Win32.Build.0 = Debug|Win32
		{61FF0D0E-7063-4843-A009-A764F7AD72D4}.Debug|x64.ActiveCfg = Debug|Win32
		{61FF0D0E-7063-4843-A009-A764F7AD72D4}.Debug|x64.Build.0 = Debug|Win32
		{61FF0D0E-7063-4843-A009-A764F7AD72D4}.Release|Win32.ActiveCfg = Debug|Win32
		{61FF0D0E-7063-4843-A009-A764F7AD72D4}.Release|Win32.Build.0 = Debug|Win32
		{61FF0D0E-7063-4843-A009-A764F7AD72D4}.Release|x64.ActiveCfg = Debug|Win32
		{61FF0D0E-7063-4843-A009-A764F7AD72D4}.Release|x64.Build.0 = Debug|Win32
		{FDA65357-68F7-4567-89C0-A4D15FB27CDB}.Debug|Win32.ActiveCfg = Debug|Win32
		{FDA65357-68F7-4567-89C0-A4D15FB27CDB}.Debug|Win32.Build.0 = Debug|Win32
		{FDA65357-68F7-4567-89C0-A4D15FB27CDB}.Debug|x64.ActiveCfg = Debug|Win32
		{FDA65357-68F7-4567-89C0-A4D15FB27CDB}.Debug|x64.Build.0 = Debug|Win32
		{FDA65357-68F7-4567-89C0-A4D15FB27CDB}.Release|Win32.ActiveCfg = Debug|Win32
		{FDA65357-68F7-4567-89C0-A4D15FB27CDB}.Release|Win32.Build.0 = Debug|Win32
		{FDA65357-68F7-4567-89C0-A4D15FB27CDB}.Release|x64.ActiveCfg = Debug|Win32
		{FDA65357-68F7-4567-89C0-A4D15FB27CDB}.Release|x64.Build.0 = Debug|Win32
		{97985315-F026-4AB8-A765-2DBE7B78CC6C}.Debug|Win32.ActiveCfg = Debug|Win32
		{97985315-F026-4AB8-A765-2DBE7B78CC6C}.Debug|Win32.Build.0 = Debug|Win32
		{97985315-F026-4AB8-A765-2DBE7B78CC6C}.Debug|x64.ActiveCfg = Debug|Win32
		{97985315-F026-4AB8-A765-2DBE7B78CC6C}.Debug|x64.Build.0 = Debug|Win32
		{97985315-F026-4AB8-A765-2DBE7B78CC6C}.Release|Win32.ActiveCfg = Debug|Win32
		{97985315-F026-4AB8-A765-2DBE7B78CC6C}.Release|Win32.Build.0 = Debug|Win32
		{97985315-F026-4AB8-A765-2DBE7B78CC6C}.Release|x64.ActiveCfg = Debug|Win32
		{97985315-F026-4AB8-A765-2DBE7B78CC6C}.Release|x64.Build.0 = Debug|Win32
		{6CFC313D-C849-4753-8EAA-3244D0515C7A}.Debug|Win32.ActiveCfg = Debug|Win32
		{6CFC313D-C849-4753-8EAA-3244D0515C7A}.Debug|Win32.Build.0 = Debug|Win32
		{6CFC313D-C849-4753-8EAA-3244D0515C7A}.Debug|x64.ActiveCfg = Debug|Win32
		{6CFC313D-C849-4753-8EAA-3244D0515C7A}.Debug|x64.Build.0 = Debug|Win32
		{6CFC313D-C849-4753-8EAA-3244D0515C7A}.Release|Win32.ActiveCfg = Debug|Win32
		{6CFC313D-C849-4753-8EAA-3244D0515C7A}.Release|Win32.Build.0 = Debug|Win32
		{6CFC313D-C849-4753-8EAA-3244D0515C7A}.Release|x64.ActiveCfg = Debug|Win32
		{6CFC313D-C849-4753-8EAA-3244D0515C7A}.Release|x64.Build.0 = Debug|Win32
		{14F6019A-43EA-41FF-BE5D-24D54425B7AA}.Debug|Win32.ActiveCfg = Debug|Win32
		{14F6019A-43EA-41FF-BE5D-24D54425B7AA}.Debug|Win32.Build.0 = Debug|Win32
		{14F6019A-43EA-41FF-BE5D-24D54425B7AA}.Debug|x64.ActiveCfg = Debug|Win32
		{14F6019A-43EA-41FF-BE5D-24D54425B7AA}.Debug|x64.Build.0 = Debug|Win32
		{14F6019A-43EA-41FF-BE5D-24D54425B7AA}.Release|Win32.ActiveCfg = Debug|Win32
		{14F6019A-43EA-41FF-BE5D-24D54425B7AA}.Release|Win32.Build.0 = Debug|Win32
		{14F6019A-43EA-41FF-BE5D-24D54425B7AA}.Release|x64.ActiveCfg = Debug|Win32
		{14F6019A-43EA-41FF-BE5D-24D54425B7AA}.Release|x64.Build.0 = Debug|Win32
		{CFE8A9D5-80DF-4ACC-B91F-64AB2167BC3A}.Debug|Win32.ActiveCfg = Debug|Win32
		{CFE8A9D5-80DF-4ACC-B91F-64AB2167BC3A}.Debug|Win32.Build.0 = Debug|Win32
		{CFE8A9D5-80DF-4ACC-B91F-64AB2167BC3A}.Debug|x64.ActiveCfg = Debug|Win32
		{CFE8A9D5-80DF-4ACC-B91F-64AB2167BC3A}.Debug|x64.Build.0 = Debug|Win32
		{CFE8A9D5-80DF-4ACC-B91F-64AB2167BC3A}.Release|Win32.ActiveCfg = Debug|Win32
		{CFE8A9D5-80DF-4ACC-B91F-64AB2167BC3A}.Release|Win32.Build.0 = Debug|Win32
		{CFE8A9D5-80DF-4ACC-B91F-64AB2167BC3A}.Release|x64.ActiveCfg = Debug|Win32
		{CFE8A9D5-80DF-4ACC-B91F-64AB2167BC3A}.Release|x64.Build.0 = Debug|Win32
		{09582E8D-FAA3-4A07-AB43-74C33436CDDF}.Debug|Win32.ActiveCfg = Debug|Win32
		{09582E8D-FAA3-4A07-AB43-74C33436CDDF}.Debug|Win32.Build.0 = Debug|Win32
		{09582E8D-FAA3-4A07-AB43-74C33436CDDF}.Debug|x64.ActiveCfg = Debug|Win32
		{09582E8D-FAA3-4A07-AB43-74C33436CDDF}.Debug|x64.Build.0 = Debug|Win32
		{09582E8D-FAA3-4A07-AB43-74C33436CDDF}.Release|Win32.ActiveCfg = Debug|Win32
		{09582E8D-FAA3-4A07-AB43-74C33436CDDF}.Release|Win32.Build.0 = Debug|Win32
		{09582E8D-FAA3-4A07-AB43-74C33436CDDF}.Release|x64.ActiveCfg = Debug|Win32
		{09582E8D-FAA3-4A07-AB43-74C33436CDDF}.Release|x64.Build.0 = Debug|Win32
		{8FA46A42-5363-4C71-90D8-1106203F0DC7}.Debug|Win32.ActiveCfg = Debug|Win32
		{8FA46A42-5363-4C71-90D8-1106203F0DC7}.Debug|Win32.Build.0 = Debug|Win32
		{8FA46A42-5363-4C71-90D8-1106203F0DC7}.Debug|x64.ActiveCfg = Debug|Win32
		{8FA46A42-5363-4C71-90D8-1106203F0DC7}.Debug|x64.Build.0 = Debug|Win32
		{8FA46A42-5363-4C71-90D8-1106203F0DC7}.Release|Win32.ActiveCfg = Debug|Win32
		{8FA46A42-5363-4C71-90D8-1106203F0DC7}.Release|Win32.Build.0 = Debug|Win32
		{8FA46A42-5363-4C71-90D8-1106203F0DC7}.Release|x64.ActiveCfg = Debug|Win32
		{8FA46A42-5363-4C71-90D8-1106203F0DC7}.Release|x64.Build.0 = Debug|Win32
		{B4EA2124-2ABF-442E-9B3E-0E503A4DAF8B}.Debug|Win32.ActiveCfg = Debug|Win32
		{B4EA2124-2ABF-442E-9B3E-0E503A4DAF8B}.Debug|Win32.Build.0 = Debug|Win32
		{B4EA2124-2ABF-442E-9B3E-0E503A4DAF8B}.Debug|x64.ActiveCfg = Debug|Win32
		{B4EA2124-2ABF-442E-9B3E-0E503A4DAF8B}.Debug|x64.Build.0 = Debug|Win32
		{B4EA2124-2ABF-442E-9B3E-0E503A4DAF8B}.Release|Win32.ActiveCfg = Debug|Win32
		{B4EA2124-2ABF-442E-9B3E-0E503A4DAF8B}.Release|Win32.Build.0 = Debug|Win32
		{B4EA2124-2ABF-442E-9B3E-0E503A4DAF8B}.Release|x64.ActiveCfg = Debug|Win32
		{B4EA2124-2ABF-442E-9B3E-0E503A4DAF8B}.Release|x64.Build.0 = Debug|Win32
		{D6A172C0-ACCD-4F05-BADA-D8DEBD36B666}.Debug|Win32.ActiveCfg = Debug|Win32
		{D6A172C0-ACCD-4F05-BADA-D8DEBD36B666}.Debug|Win32.Build.0 = Debug|Win32
		{D6A172C0-ACCD-4F05-BADA-D8DEBD36B666}.Debug|x64.ActiveCfg = Debug|Win32
		{D6A172C0-ACCD-4F05-BADA-D8DEBD36B666}.Debug|x64.Build.0 = Debug|Win32
		{D6A172C0-ACCD-4F05-BADA-D8DEBD36B666}.Release|Win32.ActiveCfg = Debug|Win32
		{D6A172C0-ACCD-4F05-BADA-D8DEBD36B666}.Release|Win32.Build.0 = Debug|Win32
		{D6A172C0-ACCD-4F05-BADA-D8DEBD36B666}.Release|x64.ActiveCfg = Debug|Win32
		{D6A172C0-ACCD-4F05-BADA-D8DEBD36B666}.Release|x64.Build.0 = Debug|Win32
	EndGlobalSection
	GlobalSection(SolutionProperties) = preSolution
		HideSolutionNode = FALSE
	EndGlobalSection
	GlobalSection(NestedProjects) = preSolution
		{533EB470-9743-48C3-A77F-1490873B7CBB} = {84922EB1-5A83-4BD3-8A24-8570551BCA10}
		{8D87B501-FAB3-4468-A67E-72CE3F4D21AE} = {84922EB1-5A83-4BD3-8A24-8570551BCA10}
		{61FF0D0E-7063-4843-A009-A764F7AD72D4} = {84922EB1-5A83-4BD3-8A24-8570551BCA10}
		{FDA65357-68F7-4567-89C0-A4D15FB27CDB} = {E9E993DF-D613-4091-A6EF-2B166ED87A4F}
		{97985315-F026-4AB8-A765-2DBE7B78CC6C} = {E9E993DF-D613-4091-A6EF-2B166ED87A4F}
		{6CFC313D-C849-4753-8EAA-3244D0515C7A} = {E9E993DF-D613-4091-A6EF-2B166ED87A4F}
		{14F6019A-43EA-41FF-BE5D-24D54425B7AA} = {E9E993DF-D613-4091-A6EF-2B166ED87A4F}
		{CFE8A9D5-80DF-4ACC-B91F-64AB2167BC3A} = {B573172F-59DA-4A1D-A894-BA32C8F068EF}
		{09582E8D-FAA3-4A07-AB43-74C33436CDDF} = {B573172F-59DA-4A1D-A894-BA32C8F068EF}
		{8FA46A42-5363-4C71-90D8-1106203F0DC7} = {B573172F-59DA-4A1D-A894-BA32C8F068EF}
		{B4EA2124-2ABF-442E-9B3E-0E503A4DAF8B} = {B573172F-59DA-4A1D-A894-BA32C8F068EF}
		{D6A172C0-ACCD-4F05-BADA-D8DEBD36B666} = {84922EB1-5A83-4BD3-8A24-8570551BCA10}
	EndGlobalSection
	GlobalSection(ExtensibilityGlobals) = postSolution
		SolutionGuid = {898B1769-5DB3-41FA-B820-105448A11911}
	EndGlobalSection
EndGlobal
